PODS:
  - DFCache (3.0.0)
  - DFImageManager (0.0.8):
    - DFCache (~> 3.0)

DEPENDENCIES:
  - DFImageManager (from `../`)

EXTERNAL SOURCES:
  DFImageManager:
    :path: ../

SPEC CHECKSUMS:
  DFCache: fdbdc4760896920386dba7b97bca25d37060aaeb
  DFImageManager: d728bf0545fbcd03202beda016d21c7f9baf4569

COCOAPODS: 0.35.0
