PODS:
  - DFCache (2.0.0)
  - DFImageManager (0.0.5):
    - DFCache (~> 2.0)

DEPENDENCIES:
  - DFImageManager (from `../`)

EXTERNAL SOURCES:
  DFImageManager:
    :path: ../

SPEC CHECKSUMS:
  DFCache: a46b9855817ac79a5f3e845833f5c60f917f3431
  DFImageManager: 2d8aa25dd28ce5581b7585544c1bd31379e11977

COCOAPODS: 0.35.0
