PODS:
  - DFCache (1.3.3)
  - DFImageManager (0.0.2):
    - DFCache (~> 1.0)

DEPENDENCIES:
  - DFImageManager (from `../../`)

EXTERNAL SOURCES:
  DFImageManager:
    :path: ../../

SPEC CHECKSUMS:
  DFCache: 8f7be5e2f3ea0278bc2a43c05125ef8906001c4e
  DFImageManager: f9500af5642ab37ef86808282a7e591835daa0e3

COCOAPODS: 0.34.4
