// !$*UTF8*$!
{
	archiveVersion = 1;
	classes = {
	};
	objectVersion = 46;
	objects = {

/* Begin PBXBuildFile section */
		0C057A2B1A13542900DC76C6 /* DFImageManagerConfiguration.m in Sources */ = {isa = PBXBuildFile; fileRef = 0C057A2A1A13542900DC76C6 /* DFImageManagerConfiguration.m */; };
		0C2BD4BC1A03A28000412BE3 /* DFImageManager.h in CopyFiles */ = {isa = PBXBuildFile; fileRef = 0C2BD4BB1A03A28000412BE3 /* DFImageManager.h */; };
		0C2BD4BE1A03A28000412BE3 /* DFImageManager.m in Sources */ = {isa = PBXBuildFile; fileRef = 0C2BD4BD1A03A28000412BE3 /* DFImageManager.m */; };
		0C2BD4D11A03A2EA00412BE3 /* DFImageManagerDefines.m in Sources */ = {isa = PBXBuildFile; fileRef = 0C2BD4D01A03A2EA00412BE3 /* DFImageManagerDefines.m */; };
		0C2BD4E61A03A3B200412BE3 /* DFImageDecoder.m in Sources */ = {isa = PBXBuildFile; fileRef = 0C2BD4D41A03A3B200412BE3 /* DFImageDecoder.m */; };
		0C2BD4E71A03A3B200412BE3 /* DFImageDeserializer.m in Sources */ = {isa = PBXBuildFile; fileRef = 0C2BD4D61A03A3B200412BE3 /* DFImageDeserializer.m */; };
		0C2BD4E81A03A3B200412BE3 /* DFImageHandlerDictionary.m in Sources */ = {isa = PBXBuildFile; fileRef = 0C2BD4D81A03A3B200412BE3 /* DFImageHandlerDictionary.m */; };
		0C2BD4E91A03A3B200412BE3 /* DFImageRequestID.m in Sources */ = {isa = PBXBuildFile; fileRef = 0C2BD4DB1A03A3B200412BE3 /* DFImageRequestID.m */; };
		0C2BD4EA1A03A3B200412BE3 /* DFImageRequestOptions.m in Sources */ = {isa = PBXBuildFile; fileRef = 0C2BD4E21A03A3B200412BE3 /* DFImageRequestOptions.m */; };
		0C2BD4EB1A03A3B200412BE3 /* DFImageResponse.m in Sources */ = {isa = PBXBuildFile; fileRef = 0C2BD4E51A03A3B200412BE3 /* DFImageResponse.m */; };
		0C2BD4FA1A03A66000412BE3 /* DFURLConnectionOperation.m in Sources */ = {isa = PBXBuildFile; fileRef = 0C2BD4F81A03A66000412BE3 /* DFURLConnectionOperation.m */; };
		0C3304B31A4A67B4001808F3 /* DFNetworkImageManagerConfiguration.m in Sources */ = {isa = PBXBuildFile; fileRef = 0C3304B21A4A67B4001808F3 /* DFNetworkImageManagerConfiguration.m */; };
		0C5C25AF1A146B7A006C5791 /* DFImageFetchConnectionOperation.m in Sources */ = {isa = PBXBuildFile; fileRef = 0C5C25AE1A146B7A006C5791 /* DFImageFetchConnectionOperation.m */; };
		0C77A4371A49431800538A36 /* DFImageManagerFactory.m in Sources */ = {isa = PBXBuildFile; fileRef = 0C77A4361A49431800538A36 /* DFImageManagerFactory.m */; };
		0C8573B31A121CAD00067EA4 /* DFImageView.m in Sources */ = {isa = PBXBuildFile; fileRef = 0C8573B21A121CAD00067EA4 /* DFImageView.m */; };
		0CA07D801A4BD08900B16F38 /* DFCompositeImageManager.m in Sources */ = {isa = PBXBuildFile; fileRef = 0CA07D7F1A4BD08900B16F38 /* DFCompositeImageManager.m */; };
		0CA07D841A4BD1AF00B16F38 /* DFImageManagerBlockValueTransformer.m in Sources */ = {isa = PBXBuildFile; fileRef = 0CA07D831A4BD1AF00B16F38 /* DFImageManagerBlockValueTransformer.m */; };
		0CA129481A4A3CB500FB4688 /* DFImageProcessingManager.m in Sources */ = {isa = PBXBuildFile; fileRef = 0CA129471A4A3CB500FB4688 /* DFImageProcessingManager.m */; };
		0CA1294C1A4A46BA00FB4688 /* DFImageUtilities.m in Sources */ = {isa = PBXBuildFile; fileRef = 0CA1294B1A4A46BA00FB4688 /* DFImageUtilities.m */; };
		0CA129561A4A4E2300FB4688 /* DFPHImageManagerConfiguration.m in Sources */ = {isa = PBXBuildFile; fileRef = 0CA129551A4A4E2300FB4688 /* DFPHImageManagerConfiguration.m */; };
		0CA129591A4A4E3700FB4688 /* DFPHImageFetchOperation.m in Sources */ = {isa = PBXBuildFile; fileRef = 0CA129581A4A4E3700FB4688 /* DFPHImageFetchOperation.m */; };
		0CA1295C1A4A500800FB4688 /* DFPHAssetlocalIdentifier.m in Sources */ = {isa = PBXBuildFile; fileRef = 0CA1295B1A4A500800FB4688 /* DFPHAssetlocalIdentifier.m */; };
		0CA129631A4A591200FB4688 /* DFImageRequest.m in Sources */ = {isa = PBXBuildFile; fileRef = 0CA129621A4A591200FB4688 /* DFImageRequest.m */; };
		0CAF725C1A0B93E30057419A /* DFImageCacheLookupOperation.m in Sources */ = {isa = PBXBuildFile; fileRef = 0CAF725B1A0B93E30057419A /* DFImageCacheLookupOperation.m */; };
		0CAF725F1A0B961A0057419A /* DFImageCacheStoreOperation.m in Sources */ = {isa = PBXBuildFile; fileRef = 0CAF725E1A0B961A0057419A /* DFImageCacheStoreOperation.m */; };
		759916756D11680DBEF1CEA9 /* libPods.a in Frameworks */ = {isa = PBXBuildFile; fileRef = D00E60156B6ED9152E7865EE /* libPods.a */; };
/* End PBXBuildFile section */

/* Begin PBXCopyFilesBuildPhase section */
		0C2BD4B61A03A28000412BE3 /* CopyFiles */ = {
			isa = PBXCopyFilesBuildPhase;
			buildActionMask = 2147483647;
			dstPath = "include/$(PRODUCT_NAME)";
			dstSubfolderSpec = 16;
			files = (
				0C2BD4BC1A03A28000412BE3 /* DFImageManager.h in CopyFiles */,
			);
			runOnlyForDeploymentPostprocessing = 0;
		};
/* End PBXCopyFilesBuildPhase section */

/* Begin PBXFileReference section */
		0C057A291A13542900DC76C6 /* DFImageManagerConfiguration.h */ = {isa = PBXFileReference; fileEncoding = 4; lastKnownFileType = sourcecode.c.h; path = DFImageManagerConfiguration.h; sourceTree = "<group>"; };
		0C057A2A1A13542900DC76C6 /* DFImageManagerConfiguration.m */ = {isa = PBXFileReference; fileEncoding = 4; lastKnownFileType = sourcecode.c.objc; path = DFImageManagerConfiguration.m; sourceTree = "<group>"; };
		0C2BD4B81A03A28000412BE3 /* libDFImageManager.a */ = {isa = PBXFileReference; explicitFileType = archive.ar; includeInIndex = 0; path = libDFImageManager.a; sourceTree = BUILT_PRODUCTS_DIR; };
		0C2BD4BB1A03A28000412BE3 /* DFImageManager.h */ = {isa = PBXFileReference; lastKnownFileType = sourcecode.c.h; path = DFImageManager.h; sourceTree = "<group>"; };
		0C2BD4BD1A03A28000412BE3 /* DFImageManager.m */ = {isa = PBXFileReference; lastKnownFileType = sourcecode.c.objc; path = DFImageManager.m; sourceTree = "<group>"; };
		0C2BD4C31A03A28000412BE3 /* DFImageManagerTests.xctest */ = {isa = PBXFileReference; explicitFileType = wrapper.cfbundle; includeInIndex = 0; path = DFImageManagerTests.xctest; sourceTree = BUILT_PRODUCTS_DIR; };
		0C2BD4C61A03A28000412BE3 /* Info.plist */ = {isa = PBXFileReference; lastKnownFileType = text.plist.xml; path = Info.plist; sourceTree = "<group>"; };
		0C2BD4CF1A03A2EA00412BE3 /* DFImageManagerDefines.h */ = {isa = PBXFileReference; fileEncoding = 4; lastKnownFileType = sourcecode.c.h; path = DFImageManagerDefines.h; sourceTree = "<group>"; };
		0C2BD4D01A03A2EA00412BE3 /* DFImageManagerDefines.m */ = {isa = PBXFileReference; fileEncoding = 4; lastKnownFileType = sourcecode.c.objc; path = DFImageManagerDefines.m; sourceTree = "<group>"; };
		0C2BD4D31A03A3B200412BE3 /* DFImageDecoder.h */ = {isa = PBXFileReference; fileEncoding = 4; lastKnownFileType = sourcecode.c.h; path = DFImageDecoder.h; sourceTree = "<group>"; };
		0C2BD4D41A03A3B200412BE3 /* DFImageDecoder.m */ = {isa = PBXFileReference; fileEncoding = 4; lastKnownFileType = sourcecode.c.objc; path = DFImageDecoder.m; sourceTree = "<group>"; };
		0C2BD4D51A03A3B200412BE3 /* DFImageDeserializer.h */ = {isa = PBXFileReference; fileEncoding = 4; lastKnownFileType = sourcecode.c.h; path = DFImageDeserializer.h; sourceTree = "<group>"; };
		0C2BD4D61A03A3B200412BE3 /* DFImageDeserializer.m */ = {isa = PBXFileReference; fileEncoding = 4; lastKnownFileType = sourcecode.c.objc; path = DFImageDeserializer.m; sourceTree = "<group>"; };
		0C2BD4D71A03A3B200412BE3 /* DFImageHandlerDictionary.h */ = {isa = PBXFileReference; fileEncoding = 4; lastKnownFileType = sourcecode.c.h; path = DFImageHandlerDictionary.h; sourceTree = "<group>"; };
		0C2BD4D81A03A3B200412BE3 /* DFImageHandlerDictionary.m */ = {isa = PBXFileReference; fileEncoding = 4; lastKnownFileType = sourcecode.c.objc; path = DFImageHandlerDictionary.m; sourceTree = "<group>"; };
		0C2BD4D91A03A3B200412BE3 /* DFImageRequestID+Protected.h */ = {isa = PBXFileReference; fileEncoding = 4; lastKnownFileType = sourcecode.c.h; path = "DFImageRequestID+Protected.h"; sourceTree = "<group>"; };
		0C2BD4DA1A03A3B200412BE3 /* DFImageRequestID.h */ = {isa = PBXFileReference; fileEncoding = 4; lastKnownFileType = sourcecode.c.h; path = DFImageRequestID.h; sourceTree = "<group>"; };
		0C2BD4DB1A03A3B200412BE3 /* DFImageRequestID.m */ = {isa = PBXFileReference; fileEncoding = 4; lastKnownFileType = sourcecode.c.objc; path = DFImageRequestID.m; sourceTree = "<group>"; };
		0C2BD4DE1A03A3B200412BE3 /* DFImageManagerConfigurationProtocol.h */ = {isa = PBXFileReference; fileEncoding = 4; lastKnownFileType = sourcecode.c.h; path = DFImageManagerConfigurationProtocol.h; sourceTree = "<group>"; };
		0C2BD4DF1A03A3B200412BE3 /* DFImageManagerProtocol.h */ = {isa = PBXFileReference; fileEncoding = 4; lastKnownFileType = sourcecode.c.h; path = DFImageManagerProtocol.h; sourceTree = "<group>"; };
		0C2BD4E11A03A3B200412BE3 /* DFImageRequestOptions.h */ = {isa = PBXFileReference; fileEncoding = 4; lastKnownFileType = sourcecode.c.h; path = DFImageRequestOptions.h; sourceTree = "<group>"; };
		0C2BD4E21A03A3B200412BE3 /* DFImageRequestOptions.m */ = {isa = PBXFileReference; fileEncoding = 4; lastKnownFileType = sourcecode.c.objc; path = DFImageRequestOptions.m; sourceTree = "<group>"; };
		0C2BD4E41A03A3B200412BE3 /* DFImageResponse.h */ = {isa = PBXFileReference; fileEncoding = 4; lastKnownFileType = sourcecode.c.h; path = DFImageResponse.h; sourceTree = "<group>"; };
		0C2BD4E51A03A3B200412BE3 /* DFImageResponse.m */ = {isa = PBXFileReference; fileEncoding = 4; lastKnownFileType = sourcecode.c.objc; path = DFImageResponse.m; sourceTree = "<group>"; };
		0C2BD4F71A03A66000412BE3 /* DFURLConnectionOperation.h */ = {isa = PBXFileReference; fileEncoding = 4; lastKnownFileType = sourcecode.c.h; path = DFURLConnectionOperation.h; sourceTree = "<group>"; };
		0C2BD4F81A03A66000412BE3 /* DFURLConnectionOperation.m */ = {isa = PBXFileReference; fileEncoding = 4; lastKnownFileType = sourcecode.c.objc; path = DFURLConnectionOperation.m; sourceTree = "<group>"; };
		0C2BD4F91A03A66000412BE3 /* DFURLResponseDeserializing.h */ = {isa = PBXFileReference; fileEncoding = 4; lastKnownFileType = sourcecode.c.h; path = DFURLResponseDeserializing.h; sourceTree = "<group>"; };
		0C2BD4FB1A03AEB800412BE3 /* DFImageManagerOperationProtocol.h */ = {isa = PBXFileReference; fileEncoding = 4; lastKnownFileType = sourcecode.c.h; path = DFImageManagerOperationProtocol.h; sourceTree = "<group>"; };
		0C2BD52B1A03B15300412BE3 /* DFImageManagerKit.h */ = {isa = PBXFileReference; fileEncoding = 4; lastKnownFileType = sourcecode.c.h; path = DFImageManagerKit.h; sourceTree = "<group>"; };
		0C3304B11A4A67B4001808F3 /* DFNetworkImageManagerConfiguration.h */ = {isa = PBXFileReference; fileEncoding = 4; lastKnownFileType = sourcecode.c.h; path = DFNetworkImageManagerConfiguration.h; sourceTree = "<group>"; };
		0C3304B21A4A67B4001808F3 /* DFNetworkImageManagerConfiguration.m */ = {isa = PBXFileReference; fileEncoding = 4; lastKnownFileType = sourcecode.c.objc; path = DFNetworkImageManagerConfiguration.m; sourceTree = "<group>"; };
		0C5C25AD1A146B7A006C5791 /* DFImageFetchConnectionOperation.h */ = {isa = PBXFileReference; fileEncoding = 4; lastKnownFileType = sourcecode.c.h; path = DFImageFetchConnectionOperation.h; sourceTree = "<group>"; };
		0C5C25AE1A146B7A006C5791 /* DFImageFetchConnectionOperation.m */ = {isa = PBXFileReference; fileEncoding = 4; lastKnownFileType = sourcecode.c.objc; path = DFImageFetchConnectionOperation.m; sourceTree = "<group>"; };
		0C77A4341A4942DC00538A36 /* DFImageManagerFactoryProtocol.h */ = {isa = PBXFileReference; fileEncoding = 4; lastKnownFileType = sourcecode.c.h; path = DFImageManagerFactoryProtocol.h; sourceTree = "<group>"; };
		0C77A4351A49431800538A36 /* DFImageManagerFactory.h */ = {isa = PBXFileReference; fileEncoding = 4; lastKnownFileType = sourcecode.c.h; path = DFImageManagerFactory.h; sourceTree = "<group>"; };
		0C77A4361A49431800538A36 /* DFImageManagerFactory.m */ = {isa = PBXFileReference; fileEncoding = 4; lastKnownFileType = sourcecode.c.objc; path = DFImageManagerFactory.m; sourceTree = "<group>"; };
		0C8573B11A121CAD00067EA4 /* DFImageView.h */ = {isa = PBXFileReference; fileEncoding = 4; lastKnownFileType = sourcecode.c.h; path = DFImageView.h; sourceTree = "<group>"; };
		0C8573B21A121CAD00067EA4 /* DFImageView.m */ = {isa = PBXFileReference; fileEncoding = 4; lastKnownFileType = sourcecode.c.objc; path = DFImageView.m; sourceTree = "<group>"; };
		0CA07D7E1A4BD08900B16F38 /* DFCompositeImageManager.h */ = {isa = PBXFileReference; fileEncoding = 4; lastKnownFileType = sourcecode.c.h; path = DFCompositeImageManager.h; sourceTree = "<group>"; };
		0CA07D7F1A4BD08900B16F38 /* DFCompositeImageManager.m */ = {isa = PBXFileReference; fileEncoding = 4; lastKnownFileType = sourcecode.c.objc; path = DFCompositeImageManager.m; sourceTree = "<group>"; };
		0CA07D811A4BD0CC00B16F38 /* DFImageManagerValueTransformerProtocol.h */ = {isa = PBXFileReference; fileEncoding = 4; lastKnownFileType = sourcecode.c.h; path = DFImageManagerValueTransformerProtocol.h; sourceTree = "<group>"; };
		0CA07D821A4BD1AF00B16F38 /* DFImageManagerBlockValueTransformer.h */ = {isa = PBXFileReference; fileEncoding = 4; lastKnownFileType = sourcecode.c.h; path = DFImageManagerBlockValueTransformer.h; sourceTree = "<group>"; };
		0CA07D831A4BD1AF00B16F38 /* DFImageManagerBlockValueTransformer.m */ = {isa = PBXFileReference; fileEncoding = 4; lastKnownFileType = sourcecode.c.objc; path = DFImageManagerBlockValueTransformer.m; sourceTree = "<group>"; };
		0CA129461A4A3CB500FB4688 /* DFImageProcessingManager.h */ = {isa = PBXFileReference; fileEncoding = 4; lastKnownFileType = sourcecode.c.h; path = DFImageProcessingManager.h; sourceTree = "<group>"; };
		0CA129471A4A3CB500FB4688 /* DFImageProcessingManager.m */ = {isa = PBXFileReference; fileEncoding = 4; lastKnownFileType = sourcecode.c.objc; path = DFImageProcessingManager.m; sourceTree = "<group>"; };
		0CA129491A4A3F3200FB4688 /* DFImageProcessingManagerProtocol.h */ = {isa = PBXFileReference; fileEncoding = 4; lastKnownFileType = sourcecode.c.h; path = DFImageProcessingManagerProtocol.h; sourceTree = "<group>"; };
		0CA1294A1A4A46BA00FB4688 /* DFImageUtilities.h */ = {isa = PBXFileReference; fileEncoding = 4; lastKnownFileType = sourcecode.c.h; path = DFImageUtilities.h; sourceTree = "<group>"; };
		0CA1294B1A4A46BA00FB4688 /* DFImageUtilities.m */ = {isa = PBXFileReference; fileEncoding = 4; lastKnownFileType = sourcecode.c.objc; path = DFImageUtilities.m; sourceTree = "<group>"; };
		0CA129541A4A4E2300FB4688 /* DFPHImageManagerConfiguration.h */ = {isa = PBXFileReference; fileEncoding = 4; lastKnownFileType = sourcecode.c.h; path = DFPHImageManagerConfiguration.h; sourceTree = "<group>"; };
		0CA129551A4A4E2300FB4688 /* DFPHImageManagerConfiguration.m */ = {isa = PBXFileReference; fileEncoding = 4; lastKnownFileType = sourcecode.c.objc; path = DFPHImageManagerConfiguration.m; sourceTree = "<group>"; };
		0CA129571A4A4E3700FB4688 /* DFPHImageFetchOperation.h */ = {isa = PBXFileReference; fileEncoding = 4; lastKnownFileType = sourcecode.c.h; path = DFPHImageFetchOperation.h; sourceTree = "<group>"; };
		0CA129581A4A4E3700FB4688 /* DFPHImageFetchOperation.m */ = {isa = PBXFileReference; fileEncoding = 4; lastKnownFileType = sourcecode.c.objc; path = DFPHImageFetchOperation.m; sourceTree = "<group>"; };
		0CA1295A1A4A500800FB4688 /* DFPHAssetlocalIdentifier.h */ = {isa = PBXFileReference; fileEncoding = 4; lastKnownFileType = sourcecode.c.h; path = DFPHAssetlocalIdentifier.h; sourceTree = "<group>"; };
		0CA1295B1A4A500800FB4688 /* DFPHAssetlocalIdentifier.m */ = {isa = PBXFileReference; fileEncoding = 4; lastKnownFileType = sourcecode.c.objc; path = DFPHAssetlocalIdentifier.m; sourceTree = "<group>"; };
		0CA129611A4A591200FB4688 /* DFImageRequest.h */ = {isa = PBXFileReference; fileEncoding = 4; lastKnownFileType = sourcecode.c.h; path = DFImageRequest.h; sourceTree = "<group>"; };
		0CA129621A4A591200FB4688 /* DFImageRequest.m */ = {isa = PBXFileReference; fileEncoding = 4; lastKnownFileType = sourcecode.c.objc; path = DFImageRequest.m; sourceTree = "<group>"; };
		0CAF725A1A0B93E30057419A /* DFImageCacheLookupOperation.h */ = {isa = PBXFileReference; fileEncoding = 4; lastKnownFileType = sourcecode.c.h; path = DFImageCacheLookupOperation.h; sourceTree = "<group>"; };
		0CAF725B1A0B93E30057419A /* DFImageCacheLookupOperation.m */ = {isa = PBXFileReference; fileEncoding = 4; lastKnownFileType = sourcecode.c.objc; path = DFImageCacheLookupOperation.m; sourceTree = "<group>"; };
		0CAF725D1A0B961A0057419A /* DFImageCacheStoreOperation.h */ = {isa = PBXFileReference; fileEncoding = 4; lastKnownFileType = sourcecode.c.h; path = DFImageCacheStoreOperation.h; sourceTree = "<group>"; };
		0CAF725E1A0B961A0057419A /* DFImageCacheStoreOperation.m */ = {isa = PBXFileReference; fileEncoding = 4; lastKnownFileType = sourcecode.c.objc; path = DFImageCacheStoreOperation.m; sourceTree = "<group>"; };
		440E992BEB531A6CE7B52C0F /* Pods.debug.xcconfig */ = {isa = PBXFileReference; includeInIndex = 1; lastKnownFileType = text.xcconfig; name = Pods.debug.xcconfig; path = "../Pods/Target Support Files/Pods/Pods.debug.xcconfig"; sourceTree = "<group>"; };
		9CD33F4B636DE31D168E5274 /* Pods.release.xcconfig */ = {isa = PBXFileReference; includeInIndex = 1; lastKnownFileType = text.xcconfig; name = Pods.release.xcconfig; path = "../Pods/Target Support Files/Pods/Pods.release.xcconfig"; sourceTree = "<group>"; };
		D00E60156B6ED9152E7865EE /* libPods.a */ = {isa = PBXFileReference; explicitFileType = archive.ar; includeInIndex = 0; path = libPods.a; sourceTree = BUILT_PRODUCTS_DIR; };
/* End PBXFileReference section */

/* Begin PBXFrameworksBuildPhase section */
		0C2BD4B51A03A28000412BE3 /* Frameworks */ = {
			isa = PBXFrameworksBuildPhase;
			buildActionMask = 2147483647;
			files = (
				759916756D11680DBEF1CEA9 /* libPods.a in Frameworks */,
			);
			runOnlyForDeploymentPostprocessing = 0;
		};
		0C2BD4C01A03A28000412BE3 /* Frameworks */ = {
			isa = PBXFrameworksBuildPhase;
			buildActionMask = 2147483647;
			files = (
			);
			runOnlyForDeploymentPostprocessing = 0;
		};
/* End PBXFrameworksBuildPhase section */

/* Begin PBXGroup section */
		0C057A281A13541900DC76C6 /* Configuration */ = {
			isa = PBXGroup;
			children = (
				0C057A291A13542900DC76C6 /* DFImageManagerConfiguration.h */,
				0C057A2A1A13542900DC76C6 /* DFImageManagerConfiguration.m */,
			);
			path = Configuration;
			sourceTree = "<group>";
		};
		0C2BD4AF1A03A28000412BE3 = {
			isa = PBXGroup;
			children = (
				0C2BD4BA1A03A28000412BE3 /* DFImageManager */,
				0C2BD4C41A03A28000412BE3 /* DFImageManagerTests */,
				0C2BD4B91A03A28000412BE3 /* Products */,
				35F03DD90A82A54BF071AD5B /* Pods */,
				696562A56BA5751D9A244F06 /* Frameworks */,
			);
			sourceTree = "<group>";
		};
		0C2BD4B91A03A28000412BE3 /* Products */ = {
			isa = PBXGroup;
			children = (
				0C2BD4B81A03A28000412BE3 /* libDFImageManager.a */,
				0C2BD4C31A03A28000412BE3 /* DFImageManagerTests.xctest */,
			);
			name = Products;
			sourceTree = "<group>";
		};
		0C2BD4BA1A03A28000412BE3 /* DFImageManager */ = {
			isa = PBXGroup;
			children = (
				0C2BD52B1A03B15300412BE3 /* DFImageManagerKit.h */,
				0C2BD4BB1A03A28000412BE3 /* DFImageManager.h */,
				0C2BD4BD1A03A28000412BE3 /* DFImageManager.m */,
				0C77A4351A49431800538A36 /* DFImageManagerFactory.h */,
				0C77A4361A49431800538A36 /* DFImageManagerFactory.m */,
				0C2BD4CF1A03A2EA00412BE3 /* DFImageManagerDefines.h */,
				0C2BD4D01A03A2EA00412BE3 /* DFImageManagerDefines.m */,
				0C77A4391A4944E100538A36 /* Managers */,
				0CAF72591A0B93D80057419A /* Operations */,
				0C2BD4D21A03A3B200412BE3 /* Other */,
				0C2BD4DC1A03A3B200412BE3 /* Protocols */,
				0C2BD4E01A03A3B200412BE3 /* Request */,
				0C2BD4E31A03A3B200412BE3 /* Response */,
				0C2BD4F61A03A66000412BE3 /* Networking */,
				0C8573B01A121C9C00067EA4 /* Views */,
				0C057A281A13541900DC76C6 /* Configuration */,
			);
			path = DFImageManager;
			sourceTree = "<group>";
		};
		0C2BD4C41A03A28000412BE3 /* DFImageManagerTests */ = {
			isa = PBXGroup;
			children = (
				0C2BD4C51A03A28000412BE3 /* Supporting Files */,
			);
			path = DFImageManagerTests;
			sourceTree = "<group>";
		};
		0C2BD4C51A03A28000412BE3 /* Supporting Files */ = {
			isa = PBXGroup;
			children = (
				0C2BD4C61A03A28000412BE3 /* Info.plist */,
			);
			name = "Supporting Files";
			sourceTree = "<group>";
		};
		0C2BD4D21A03A3B200412BE3 /* Other */ = {
			isa = PBXGroup;
			children = (
				0C2BD4D31A03A3B200412BE3 /* DFImageDecoder.h */,
				0C2BD4D41A03A3B200412BE3 /* DFImageDecoder.m */,
				0C2BD4D51A03A3B200412BE3 /* DFImageDeserializer.h */,
				0C2BD4D61A03A3B200412BE3 /* DFImageDeserializer.m */,
				0C2BD4D71A03A3B200412BE3 /* DFImageHandlerDictionary.h */,
				0C2BD4D81A03A3B200412BE3 /* DFImageHandlerDictionary.m */,
				0C2BD4D91A03A3B200412BE3 /* DFImageRequestID+Protected.h */,
				0C2BD4DA1A03A3B200412BE3 /* DFImageRequestID.h */,
				0C2BD4DB1A03A3B200412BE3 /* DFImageRequestID.m */,
				0CA129461A4A3CB500FB4688 /* DFImageProcessingManager.h */,
				0CA129471A4A3CB500FB4688 /* DFImageProcessingManager.m */,
				0CA1294A1A4A46BA00FB4688 /* DFImageUtilities.h */,
				0CA1294B1A4A46BA00FB4688 /* DFImageUtilities.m */,
				0CA07D821A4BD1AF00B16F38 /* DFImageManagerBlockValueTransformer.h */,
				0CA07D831A4BD1AF00B16F38 /* DFImageManagerBlockValueTransformer.m */,
			);
			path = Other;
			sourceTree = "<group>";
		};
		0C2BD4DC1A03A3B200412BE3 /* Protocols */ = {
			isa = PBXGroup;
			children = (
				0C2BD4DF1A03A3B200412BE3 /* DFImageManagerProtocol.h */,
				0C2BD4DE1A03A3B200412BE3 /* DFImageManagerConfigurationProtocol.h */,
				0C2BD4FB1A03AEB800412BE3 /* DFImageManagerOperationProtocol.h */,
				0C77A4341A4942DC00538A36 /* DFImageManagerFactoryProtocol.h */,
				0CA129491A4A3F3200FB4688 /* DFImageProcessingManagerProtocol.h */,
				0CA07D811A4BD0CC00B16F38 /* DFImageManagerValueTransformerProtocol.h */,
			);
			path = Protocols;
			sourceTree = "<group>";
		};
		0C2BD4E01A03A3B200412BE3 /* Request */ = {
			isa = PBXGroup;
			children = (
				0C2BD4E11A03A3B200412BE3 /* DFImageRequestOptions.h */,
				0C2BD4E21A03A3B200412BE3 /* DFImageRequestOptions.m */,
				0CA129611A4A591200FB4688 /* DFImageRequest.h */,
				0CA129621A4A591200FB4688 /* DFImageRequest.m */,
			);
			path = Request;
			sourceTree = "<group>";
		};
		0C2BD4E31A03A3B200412BE3 /* Response */ = {
			isa = PBXGroup;
			children = (
				0C2BD4E41A03A3B200412BE3 /* DFImageResponse.h */,
				0C2BD4E51A03A3B200412BE3 /* DFImageResponse.m */,
			);
			path = Response;
			sourceTree = "<group>";
		};
		0C2BD4F61A03A66000412BE3 /* Networking */ = {
			isa = PBXGroup;
			children = (
				0C2BD4F71A03A66000412BE3 /* DFURLConnectionOperation.h */,
				0C2BD4F81A03A66000412BE3 /* DFURLConnectionOperation.m */,
				0C2BD4F91A03A66000412BE3 /* DFURLResponseDeserializing.h */,
			);
			path = Networking;
			sourceTree = "<group>";
		};
		0C3304B01A4A67B4001808F3 /* Network Image Manager */ = {
			isa = PBXGroup;
			children = (
				0C3304B11A4A67B4001808F3 /* DFNetworkImageManagerConfiguration.h */,
				0C3304B21A4A67B4001808F3 /* DFNetworkImageManagerConfiguration.m */,
			);
			path = "Network Image Manager";
			sourceTree = "<group>";
		};
		0C77A4391A4944E100538A36 /* Managers */ = {
			isa = PBXGroup;
			children = (
				0CA07D7D1A4BD08900B16F38 /* Composite Manager */,
				0CA129531A4A4E1200FB4688 /* Photos Kit Image Manager */,
				0C3304B01A4A67B4001808F3 /* Network Image Manager */,
			);
			path = Managers;
			sourceTree = "<group>";
		};
		0C8573B01A121C9C00067EA4 /* Views */ = {
			isa = PBXGroup;
			children = (
				0C8573B11A121CAD00067EA4 /* DFImageView.h */,
				0C8573B21A121CAD00067EA4 /* DFImageView.m */,
			);
			path = Views;
			sourceTree = "<group>";
		};
		0CA07D7D1A4BD08900B16F38 /* Composite Manager */ = {
			isa = PBXGroup;
			children = (
				0CA07D7E1A4BD08900B16F38 /* DFCompositeImageManager.h */,
				0CA07D7F1A4BD08900B16F38 /* DFCompositeImageManager.m */,
			);
			path = "Composite Manager";
			sourceTree = "<group>";
		};
		0CA129531A4A4E1200FB4688 /* Photos Kit Image Manager */ = {
			isa = PBXGroup;
			children = (
				0CA129541A4A4E2300FB4688 /* DFPHImageManagerConfiguration.h */,
				0CA129551A4A4E2300FB4688 /* DFPHImageManagerConfiguration.m */,
				0CA129571A4A4E3700FB4688 /* DFPHImageFetchOperation.h */,
				0CA129581A4A4E3700FB4688 /* DFPHImageFetchOperation.m */,
				0CA1295A1A4A500800FB4688 /* DFPHAssetlocalIdentifier.h */,
				0CA1295B1A4A500800FB4688 /* DFPHAssetlocalIdentifier.m */,
			);
			path = "Photos Kit Image Manager";
			sourceTree = "<group>";
		};
		0CAF72591A0B93D80057419A /* Operations */ = {
			isa = PBXGroup;
			children = (
				0CAF725A1A0B93E30057419A /* DFImageCacheLookupOperation.h */,
				0CAF725B1A0B93E30057419A /* DFImageCacheLookupOperation.m */,
				0CAF725D1A0B961A0057419A /* DFImageCacheStoreOperation.h */,
				0CAF725E1A0B961A0057419A /* DFImageCacheStoreOperation.m */,
				0C5C25AD1A146B7A006C5791 /* DFImageFetchConnectionOperation.h */,
				0C5C25AE1A146B7A006C5791 /* DFImageFetchConnectionOperation.m */,
			);
			path = Operations;
			sourceTree = "<group>";
		};
		35F03DD90A82A54BF071AD5B /* Pods */ = {
			isa = PBXGroup;
			children = (
				440E992BEB531A6CE7B52C0F /* Pods.debug.xcconfig */,
				9CD33F4B636DE31D168E5274 /* Pods.release.xcconfig */,
			);
			name = Pods;
			sourceTree = "<group>";
		};
		696562A56BA5751D9A244F06 /* Frameworks */ = {
			isa = PBXGroup;
			children = (
				D00E60156B6ED9152E7865EE /* libPods.a */,
			);
			name = Frameworks;
			sourceTree = "<group>";
		};
/* End PBXGroup section */

/* Begin PBXNativeTarget section */
		0C2BD4B71A03A28000412BE3 /* DFImageManager */ = {
			isa = PBXNativeTarget;
			buildConfigurationList = 0C2BD4C91A03A28000412BE3 /* Build configuration list for PBXNativeTarget "DFImageManager" */;
			buildPhases = (
				D7A40990BDF6589534DE0EF5 /* Check Pods Manifest.lock */,
				0C2BD4B41A03A28000412BE3 /* Sources */,
				0C2BD4B51A03A28000412BE3 /* Frameworks */,
				0C2BD4B61A03A28000412BE3 /* CopyFiles */,
				B478EE6CF60EA845DA9889CF /* Copy Pods Resources */,
			);
			buildRules = (
			);
			dependencies = (
			);
			name = DFImageManager;
			productName = DFImageManager;
			productReference = 0C2BD4B81A03A28000412BE3 /* libDFImageManager.a */;
			productType = "com.apple.product-type.library.static";
		};
		0C2BD4C21A03A28000412BE3 /* DFImageManagerTests */ = {
			isa = PBXNativeTarget;
			buildConfigurationList = 0C2BD4CC1A03A28000412BE3 /* Build configuration list for PBXNativeTarget "DFImageManagerTests" */;
			buildPhases = (
				0C2BD4BF1A03A28000412BE3 /* Sources */,
				0C2BD4C01A03A28000412BE3 /* Frameworks */,
				0C2BD4C11A03A28000412BE3 /* Resources */,
			);
			buildRules = (
			);
			dependencies = (
			);
			name = DFImageManagerTests;
			productName = DFImageManagerTests;
			productReference = 0C2BD4C31A03A28000412BE3 /* DFImageManagerTests.xctest */;
			productType = "com.apple.product-type.bundle.unit-test";
		};
/* End PBXNativeTarget section */

/* Begin PBXProject section */
		0C2BD4B01A03A28000412BE3 /* Project object */ = {
			isa = PBXProject;
			attributes = {
				LastUpgradeCheck = 0600;
				ORGANIZATIONNAME = "Alexander Grebenyuk";
				TargetAttributes = {
					0C2BD4B71A03A28000412BE3 = {
						CreatedOnToolsVersion = 6.0.1;
					};
					0C2BD4C21A03A28000412BE3 = {
						CreatedOnToolsVersion = 6.0.1;
					};
				};
			};
			buildConfigurationList = 0C2BD4B31A03A28000412BE3 /* Build configuration list for PBXProject "DFImageManager" */;
			compatibilityVersion = "Xcode 3.2";
			developmentRegion = English;
			hasScannedForEncodings = 0;
			knownRegions = (
				en,
			);
			mainGroup = 0C2BD4AF1A03A28000412BE3;
			productRefGroup = 0C2BD4B91A03A28000412BE3 /* Products */;
			projectDirPath = "";
			projectRoot = "";
			targets = (
				0C2BD4B71A03A28000412BE3 /* DFImageManager */,
				0C2BD4C21A03A28000412BE3 /* DFImageManagerTests */,
			);
		};
/* End PBXProject section */

/* Begin PBXResourcesBuildPhase section */
		0C2BD4C11A03A28000412BE3 /* Resources */ = {
			isa = PBXResourcesBuildPhase;
			buildActionMask = 2147483647;
			files = (
			);
			runOnlyForDeploymentPostprocessing = 0;
		};
/* End PBXResourcesBuildPhase section */

/* Begin PBXShellScriptBuildPhase section */
		B478EE6CF60EA845DA9889CF /* Copy Pods Resources */ = {
			isa = PBXShellScriptBuildPhase;
			buildActionMask = 2147483647;
			files = (
			);
			inputPaths = (
			);
			name = "Copy Pods Resources";
			outputPaths = (
			);
			runOnlyForDeploymentPostprocessing = 0;
			shellPath = /bin/sh;
			shellScript = "\"${SRCROOT}/../Pods/Target Support Files/Pods/Pods-resources.sh\"\n";
			showEnvVarsInLog = 0;
		};
		D7A40990BDF6589534DE0EF5 /* Check Pods Manifest.lock */ = {
			isa = PBXShellScriptBuildPhase;
			buildActionMask = 2147483647;
			files = (
			);
			inputPaths = (
			);
			name = "Check Pods Manifest.lock";
			outputPaths = (
			);
			runOnlyForDeploymentPostprocessing = 0;
			shellPath = /bin/sh;
			shellScript = "diff \"${PODS_ROOT}/../Podfile.lock\" \"${PODS_ROOT}/Manifest.lock\" > /dev/null\nif [[ $? != 0 ]] ; then\n    cat << EOM\nerror: The sandbox is not in sync with the Podfile.lock. Run 'pod install' or update your CocoaPods installation.\nEOM\n    exit 1\nfi\n";
			showEnvVarsInLog = 0;
		};
/* End PBXShellScriptBuildPhase section */

/* Begin PBXSourcesBuildPhase section */
		0C2BD4B41A03A28000412BE3 /* Sources */ = {
			isa = PBXSourcesBuildPhase;
			buildActionMask = 2147483647;
			files = (
				0C2BD4E91A03A3B200412BE3 /* DFImageRequestID.m in Sources */,
				0C77A4371A49431800538A36 /* DFImageManagerFactory.m in Sources */,
				0C2BD4FA1A03A66000412BE3 /* DFURLConnectionOperation.m in Sources */,
				0CA07D841A4BD1AF00B16F38 /* DFImageManagerBlockValueTransformer.m in Sources */,
				0C3304B31A4A67B4001808F3 /* DFNetworkImageManagerConfiguration.m in Sources */,
				0CA1294C1A4A46BA00FB4688 /* DFImageUtilities.m in Sources */,
				0C2BD4E61A03A3B200412BE3 /* DFImageDecoder.m in Sources */,
				0C2BD4D11A03A2EA00412BE3 /* DFImageManagerDefines.m in Sources */,
				0CA07D801A4BD08900B16F38 /* DFCompositeImageManager.m in Sources */,
				0CAF725C1A0B93E30057419A /* DFImageCacheLookupOperation.m in Sources */,
				0C2BD4E71A03A3B200412BE3 /* DFImageDeserializer.m in Sources */,
				0C2BD4BE1A03A28000412BE3 /* DFImageManager.m in Sources */,
				0C2BD4E81A03A3B200412BE3 /* DFImageHandlerDictionary.m in Sources */,
				0CA129481A4A3CB500FB4688 /* DFImageProcessingManager.m in Sources */,
				0C5C25AF1A146B7A006C5791 /* DFImageFetchConnectionOperation.m in Sources */,
				0CA129631A4A591200FB4688 /* DFImageRequest.m in Sources */,
				0CA1295C1A4A500800FB4688 /* DFPHAssetlocalIdentifier.m in Sources */,
				0C8573B31A121CAD00067EA4 /* DFImageView.m in Sources */,
				0CAF725F1A0B961A0057419A /* DFImageCacheStoreOperation.m in Sources */,
				0C2BD4EB1A03A3B200412BE3 /* DFImageResponse.m in Sources */,
				0CA129591A4A4E3700FB4688 /* DFPHImageFetchOperation.m in Sources */,
				0C2BD4EA1A03A3B200412BE3 /* DFImageRequestOptions.m in Sources */,
				0C057A2B1A13542900DC76C6 /* DFImageManagerConfiguration.m in Sources */,
				0CA129561A4A4E2300FB4688 /* DFPHImageManagerConfiguration.m in Sources */,
			);
			runOnlyForDeploymentPostprocessing = 0;
		};
		0C2BD4BF1A03A28000412BE3 /* Sources */ = {
			isa = PBXSourcesBuildPhase;
			buildActionMask = 2147483647;
			files = (
			);
			runOnlyForDeploymentPostprocessing = 0;
		};
/* End PBXSourcesBuildPhase section */

/* Begin XCBuildConfiguration section */
		0C2BD4C71A03A28000412BE3 /* Debug */ = {
			isa = XCBuildConfiguration;
			buildSettings = {
				ALWAYS_SEARCH_USER_PATHS = NO;
				CLANG_CXX_LANGUAGE_STANDARD = "gnu++0x";
				CLANG_CXX_LIBRARY = "libc++";
				CLANG_ENABLE_MODULES = YES;
				CLANG_ENABLE_OBJC_ARC = YES;
				CLANG_WARN_BOOL_CONVERSION = YES;
				CLANG_WARN_CONSTANT_CONVERSION = YES;
				CLANG_WARN_DIRECT_OBJC_ISA_USAGE = YES_ERROR;
				CLANG_WARN_EMPTY_BODY = YES;
				CLANG_WARN_ENUM_CONVERSION = YES;
				CLANG_WARN_INT_CONVERSION = YES;
				CLANG_WARN_OBJC_ROOT_CLASS = YES_ERROR;
				CLANG_WARN_UNREACHABLE_CODE = YES;
				CLANG_WARN__DUPLICATE_METHOD_MATCH = YES;
				COPY_PHASE_STRIP = NO;
				ENABLE_STRICT_OBJC_MSGSEND = YES;
				GCC_C_LANGUAGE_STANDARD = gnu99;
				GCC_DYNAMIC_NO_PIC = NO;
				GCC_OPTIMIZATION_LEVEL = 0;
				GCC_PREPROCESSOR_DEFINITIONS = (
					"DEBUG=1",
					"$(inherited)",
				);
				GCC_SYMBOLS_PRIVATE_EXTERN = NO;
				GCC_WARN_64_TO_32_BIT_CONVERSION = YES;
				GCC_WARN_ABOUT_RETURN_TYPE = YES_ERROR;
				GCC_WARN_UNDECLARED_SELECTOR = YES;
				GCC_WARN_UNINITIALIZED_AUTOS = YES_AGGRESSIVE;
				GCC_WARN_UNUSED_FUNCTION = YES;
				GCC_WARN_UNUSED_VARIABLE = YES;
				IPHONEOS_DEPLOYMENT_TARGET = 6.0;
				MTL_ENABLE_DEBUG_INFO = YES;
				ONLY_ACTIVE_ARCH = YES;
				SDKROOT = iphoneos;
			};
			name = Debug;
		};
		0C2BD4C81A03A28000412BE3 /* Release */ = {
			isa = XCBuildConfiguration;
			buildSettings = {
				ALWAYS_SEARCH_USER_PATHS = NO;
				CLANG_CXX_LANGUAGE_STANDARD = "gnu++0x";
				CLANG_CXX_LIBRARY = "libc++";
				CLANG_ENABLE_MODULES = YES;
				CLANG_ENABLE_OBJC_ARC = YES;
				CLANG_WARN_BOOL_CONVERSION = YES;
				CLANG_WARN_CONSTANT_CONVERSION = YES;
				CLANG_WARN_DIRECT_OBJC_ISA_USAGE = YES_ERROR;
				CLANG_WARN_EMPTY_BODY = YES;
				CLANG_WARN_ENUM_CONVERSION = YES;
				CLANG_WARN_INT_CONVERSION = YES;
				CLANG_WARN_OBJC_ROOT_CLASS = YES_ERROR;
				CLANG_WARN_UNREACHABLE_CODE = YES;
				CLANG_WARN__DUPLICATE_METHOD_MATCH = YES;
				COPY_PHASE_STRIP = YES;
				ENABLE_NS_ASSERTIONS = NO;
				ENABLE_STRICT_OBJC_MSGSEND = YES;
				GCC_C_LANGUAGE_STANDARD = gnu99;
				GCC_WARN_64_TO_32_BIT_CONVERSION = YES;
				GCC_WARN_ABOUT_RETURN_TYPE = YES_ERROR;
				GCC_WARN_UNDECLARED_SELECTOR = YES;
				GCC_WARN_UNINITIALIZED_AUTOS = YES_AGGRESSIVE;
				GCC_WARN_UNUSED_FUNCTION = YES;
				GCC_WARN_UNUSED_VARIABLE = YES;
				IPHONEOS_DEPLOYMENT_TARGET = 6.0;
				MTL_ENABLE_DEBUG_INFO = NO;
				SDKROOT = iphoneos;
				VALIDATE_PRODUCT = YES;
			};
			name = Release;
		};
		0C2BD4CA1A03A28000412BE3 /* Debug */ = {
			isa = XCBuildConfiguration;
			baseConfigurationReference = 440E992BEB531A6CE7B52C0F /* Pods.debug.xcconfig */;
			buildSettings = {
				OTHER_LDFLAGS = "-ObjC";
				PRODUCT_NAME = "$(TARGET_NAME)";
				SKIP_INSTALL = YES;
			};
			name = Debug;
		};
		0C2BD4CB1A03A28000412BE3 /* Release */ = {
			isa = XCBuildConfiguration;
			baseConfigurationReference = 9CD33F4B636DE31D168E5274 /* Pods.release.xcconfig */;
			buildSettings = {
				OTHER_LDFLAGS = "-ObjC";
				PRODUCT_NAME = "$(TARGET_NAME)";
				SKIP_INSTALL = YES;
			};
			name = Release;
		};
		0C2BD4CD1A03A28000412BE3 /* Debug */ = {
			isa = XCBuildConfiguration;
			buildSettings = {
				FRAMEWORK_SEARCH_PATHS = (
					"$(SDKROOT)/Developer/Library/Frameworks",
					"$(inherited)",
				);
				GCC_PREPROCESSOR_DEFINITIONS = (
					"DEBUG=1",
					"$(inherited)",
				);
				INFOPLIST_FILE = DFImageManagerTests/Info.plist;
				LD_RUNPATH_SEARCH_PATHS = "$(inherited) @executable_path/Frameworks @loader_path/Frameworks";
				PRODUCT_NAME = "$(TARGET_NAME)";
			};
			name = Debug;
		};
		0C2BD4CE1A03A28000412BE3 /* Release */ = {
			isa = XCBuildConfiguration;
			buildSettings = {
				FRAMEWORK_SEARCH_PATHS = (
					"$(SDKROOT)/Developer/Library/Frameworks",
					"$(inherited)",
				);
				INFOPLIST_FILE = DFImageManagerTests/Info.plist;
				LD_RUNPATH_SEARCH_PATHS = "$(inherited) @executable_path/Frameworks @loader_path/Frameworks";
				PRODUCT_NAME = "$(TARGET_NAME)";
			};
			name = Release;
		};
/* End XCBuildConfiguration section */

/* Begin XCConfigurationList section */
		0C2BD4B31A03A28000412BE3 /* Build configuration list for PBXProject "DFImageManager" */ = {
			isa = XCConfigurationList;
			buildConfigurations = (
				0C2BD4C71A03A28000412BE3 /* Debug */,
				0C2BD4C81A03A28000412BE3 /* Release */,
			);
			defaultConfigurationIsVisible = 0;
			defaultConfigurationName = Release;
		};
		0C2BD4C91A03A28000412BE3 /* Build configuration list for PBXNativeTarget "DFImageManager" */ = {
			isa = XCConfigurationList;
			buildConfigurations = (
				0C2BD4CA1A03A28000412BE3 /* Debug */,
				0C2BD4CB1A03A28000412BE3 /* Release */,
			);
			defaultConfigurationIsVisible = 0;
			defaultConfigurationName = Release;
		};
		0C2BD4CC1A03A28000412BE3 /* Build configuration list for PBXNativeTarget "DFImageManagerTests" */ = {
			isa = XCConfigurationList;
			buildConfigurations = (
				0C2BD4CD1A03A28000412BE3 /* Debug */,
				0C2BD4CE1A03A28000412BE3 /* Release */,
			);
			defaultConfigurationIsVisible = 0;
			defaultConfigurationName = Release;
		};
/* End XCConfigurationList section */
	};
	rootObject = 0C2BD4B01A03A28000412BE3 /* Project object */;
}
