// !$*UTF8*$!
{
	archiveVersion = 1;
	classes = {
	};
	objectVersion = 46;
	objects = {

/* Begin PBXBuildFile section */
		0C2074331A6C821200776A43 /* Image.jpg in Resources */ = {isa = PBXBuildFile; fileRef = 0CD012681A6C6B16004F6CD3 /* Image.jpg */; };
		0C2074341A6C821500776A43 /* TDFImageManager.m in Sources */ = {isa = PBXBuildFile; fileRef = 0CD0126C1A6C6B16004F6CD3 /* TDFImageManager.m */; };
		0C2074351A6C821900776A43 /* TDFTesting.m in Sources */ = {isa = PBXBuildFile; fileRef = 0CD0126A1A6C6B16004F6CD3 /* TDFTesting.m */; };
		0C3EF4E51A6C6E8D0046FD55 /* DFImageManagerKit.framework in Frameworks */ = {isa = PBXBuildFile; fileRef = 0C3EF4DA1A6C6E8D0046FD55 /* DFImageManagerKit.framework */; };
		0C3EF5891A6C754C0046FD55 /* DFImageManagerKit.h in Headers */ = {isa = PBXBuildFile; fileRef = 0C3EF5881A6C754C0046FD55 /* DFImageManagerKit.h */; settings = {ATTRIBUTES = (Public, ); }; };
		0C44A73A1AAB235800900C6A /* DFPhotosKitImageFetcher.h in Headers */ = {isa = PBXBuildFile; fileRef = 0C44A7321AAB235800900C6A /* DFPhotosKitImageFetcher.h */; settings = {ATTRIBUTES = (Public, ); }; };
		0C44A73B1AAB235800900C6A /* DFPhotosKitImageFetcher.m in Sources */ = {isa = PBXBuildFile; fileRef = 0C44A7331AAB235800900C6A /* DFPhotosKitImageFetcher.m */; };
		0C44A73C1AAB235800900C6A /* DFPhotosKitImageFetcher.m in Sources */ = {isa = PBXBuildFile; fileRef = 0C44A7331AAB235800900C6A /* DFPhotosKitImageFetcher.m */; };
		0C44A73D1AAB235800900C6A /* DFPhotosKitImageFetchOperation.h in Headers */ = {isa = PBXBuildFile; fileRef = 0C44A7341AAB235800900C6A /* DFPhotosKitImageFetchOperation.h */; settings = {ATTRIBUTES = (Public, ); }; };
		0C44A73E1AAB235800900C6A /* DFPhotosKitImageFetchOperation.m in Sources */ = {isa = PBXBuildFile; fileRef = 0C44A7351AAB235800900C6A /* DFPhotosKitImageFetchOperation.m */; };
		0C44A73F1AAB235800900C6A /* DFPhotosKitImageFetchOperation.m in Sources */ = {isa = PBXBuildFile; fileRef = 0C44A7351AAB235800900C6A /* DFPhotosKitImageFetchOperation.m */; };
		0C44A7431AAB235800900C6A /* NSURL+DFPhotosKit.h in Headers */ = {isa = PBXBuildFile; fileRef = 0C44A7381AAB235800900C6A /* NSURL+DFPhotosKit.h */; settings = {ATTRIBUTES = (Public, ); }; };
		0C44A7441AAB235800900C6A /* NSURL+DFPhotosKit.m in Sources */ = {isa = PBXBuildFile; fileRef = 0C44A7391AAB235800900C6A /* NSURL+DFPhotosKit.m */; };
		0C44A7451AAB235800900C6A /* NSURL+DFPhotosKit.m in Sources */ = {isa = PBXBuildFile; fileRef = 0C44A7391AAB235800900C6A /* NSURL+DFPhotosKit.m */; };
		0C44A7FF1AAB273F00900C6A /* DFImageCaching.h in Headers */ = {isa = PBXBuildFile; fileRef = 0C44A7911AAB273F00900C6A /* DFImageCaching.h */; settings = {ATTRIBUTES = (Public, ); }; };
		0C44A8001AAB273F00900C6A /* DFImageFetching.h in Headers */ = {isa = PBXBuildFile; fileRef = 0C44A7921AAB273F00900C6A /* DFImageFetching.h */; settings = {ATTRIBUTES = (Public, ); }; };
		0C44A8021AAB273F00900C6A /* DFImageManaging.h in Headers */ = {isa = PBXBuildFile; fileRef = 0C44A7941AAB273F00900C6A /* DFImageManaging.h */; settings = {ATTRIBUTES = (Public, ); }; };
		0C44A8031AAB273F00900C6A /* DFImageProcessing.h in Headers */ = {isa = PBXBuildFile; fileRef = 0C44A7951AAB273F00900C6A /* DFImageProcessing.h */; settings = {ATTRIBUTES = (Public, ); }; };
		0C44A81F1AAB2AD900900C6A /* ALAssetsLibrary+DFImageManager.h in Headers */ = {isa = PBXBuildFile; fileRef = 0C44A8141AAB2AD900900C6A /* ALAssetsLibrary+DFImageManager.h */; settings = {ATTRIBUTES = (Public, ); }; };
		0C44A8201AAB2AD900900C6A /* ALAssetsLibrary+DFImageManager.m in Sources */ = {isa = PBXBuildFile; fileRef = 0C44A8151AAB2AD900900C6A /* ALAssetsLibrary+DFImageManager.m */; };
		0C44A8211AAB2AD900900C6A /* ALAssetsLibrary+DFImageManager.m in Sources */ = {isa = PBXBuildFile; fileRef = 0C44A8151AAB2AD900900C6A /* ALAssetsLibrary+DFImageManager.m */; };
		0C44A8221AAB2AD900900C6A /* DFALAsset.h in Headers */ = {isa = PBXBuildFile; fileRef = 0C44A8161AAB2AD900900C6A /* DFALAsset.h */; settings = {ATTRIBUTES = (Public, ); }; };
		0C44A8231AAB2AD900900C6A /* DFALAsset.m in Sources */ = {isa = PBXBuildFile; fileRef = 0C44A8171AAB2AD900900C6A /* DFALAsset.m */; };
		0C44A8241AAB2AD900900C6A /* DFALAsset.m in Sources */ = {isa = PBXBuildFile; fileRef = 0C44A8171AAB2AD900900C6A /* DFALAsset.m */; };
		0C44A8251AAB2AD900900C6A /* DFAssetsLibraryImageFetcher.h in Headers */ = {isa = PBXBuildFile; fileRef = 0C44A8181AAB2AD900900C6A /* DFAssetsLibraryImageFetcher.h */; settings = {ATTRIBUTES = (Public, ); }; };
		0C44A8261AAB2AD900900C6A /* DFAssetsLibraryImageFetcher.m in Sources */ = {isa = PBXBuildFile; fileRef = 0C44A8191AAB2AD900900C6A /* DFAssetsLibraryImageFetcher.m */; };
		0C44A8271AAB2AD900900C6A /* DFAssetsLibraryImageFetcher.m in Sources */ = {isa = PBXBuildFile; fileRef = 0C44A8191AAB2AD900900C6A /* DFAssetsLibraryImageFetcher.m */; };
		0C44A8281AAB2AD900900C6A /* DFAssetsLibraryImageFetchOperation.h in Headers */ = {isa = PBXBuildFile; fileRef = 0C44A81A1AAB2AD900900C6A /* DFAssetsLibraryImageFetchOperation.h */; settings = {ATTRIBUTES = (Public, ); }; };
		0C44A8291AAB2AD900900C6A /* DFAssetsLibraryImageFetchOperation.m in Sources */ = {isa = PBXBuildFile; fileRef = 0C44A81B1AAB2AD900900C6A /* DFAssetsLibraryImageFetchOperation.m */; };
		0C44A82A1AAB2AD900900C6A /* DFAssetsLibraryImageFetchOperation.m in Sources */ = {isa = PBXBuildFile; fileRef = 0C44A81B1AAB2AD900900C6A /* DFAssetsLibraryImageFetchOperation.m */; };
		0C44A82E1AAB2AD900900C6A /* DFAssetsLibraryDefines.h in Headers */ = {isa = PBXBuildFile; fileRef = 0C44A81E1AAB2AD900900C6A /* DFAssetsLibraryDefines.h */; settings = {ATTRIBUTES = (Public, ); }; };
		0C44A8301AAB2C7F00900C6A /* DFImageManagerKit+AssetsLibrary.h in Headers */ = {isa = PBXBuildFile; fileRef = 0C44A82F1AAB2C7F00900C6A /* DFImageManagerKit+AssetsLibrary.h */; settings = {ATTRIBUTES = (Public, ); }; };
		0C44A8321AAB2E5400900C6A /* DFImageManagerKit+PhotosKit.h in Headers */ = {isa = PBXBuildFile; fileRef = 0C44A8311AAB2E5400900C6A /* DFImageManagerKit+PhotosKit.h */; settings = {ATTRIBUTES = (Public, ); }; };
		0C44A85C1AAB3C8000900C6A /* DFImageContainerView.h in Headers */ = {isa = PBXBuildFile; fileRef = 0C44A8581AAB3C8000900C6A /* DFImageContainerView.h */; settings = {ATTRIBUTES = (Public, ); }; };
		0C44A85D1AAB3C8000900C6A /* DFImageContainerView.m in Sources */ = {isa = PBXBuildFile; fileRef = 0C44A8591AAB3C8000900C6A /* DFImageContainerView.m */; };
		0C44A85E1AAB3C8000900C6A /* DFImageContainerView.m in Sources */ = {isa = PBXBuildFile; fileRef = 0C44A8591AAB3C8000900C6A /* DFImageContainerView.m */; };
		0C44A85F1AAB3C8000900C6A /* DFImageView.h in Headers */ = {isa = PBXBuildFile; fileRef = 0C44A85A1AAB3C8000900C6A /* DFImageView.h */; settings = {ATTRIBUTES = (Public, ); }; };
		0C44A8601AAB3C8000900C6A /* DFImageView.m in Sources */ = {isa = PBXBuildFile; fileRef = 0C44A85B1AAB3C8000900C6A /* DFImageView.m */; };
		0C44A8611AAB3C8000900C6A /* DFImageView.m in Sources */ = {isa = PBXBuildFile; fileRef = 0C44A85B1AAB3C8000900C6A /* DFImageView.m */; };
		0C44A8641AAB3CC000900C6A /* UIImageView+DFImageManager.h in Headers */ = {isa = PBXBuildFile; fileRef = 0C44A8621AAB3CC000900C6A /* UIImageView+DFImageManager.h */; settings = {ATTRIBUTES = (Public, ); }; };
		0C44A8651AAB3CC000900C6A /* UIImageView+DFImageManager.m in Sources */ = {isa = PBXBuildFile; fileRef = 0C44A8631AAB3CC000900C6A /* UIImageView+DFImageManager.m */; };
		0C44A8661AAB3CC000900C6A /* UIImageView+DFImageManager.m in Sources */ = {isa = PBXBuildFile; fileRef = 0C44A8631AAB3CC000900C6A /* UIImageView+DFImageManager.m */; };
		0C44A8691AAB3CE800900C6A /* DFCollectionViewPreheatingController.h in Headers */ = {isa = PBXBuildFile; fileRef = 0C44A8671AAB3CE800900C6A /* DFCollectionViewPreheatingController.h */; settings = {ATTRIBUTES = (Public, ); }; };
		0C44A86A1AAB3CE800900C6A /* DFCollectionViewPreheatingController.m in Sources */ = {isa = PBXBuildFile; fileRef = 0C44A8681AAB3CE800900C6A /* DFCollectionViewPreheatingController.m */; };
		0C44A86B1AAB3CE800900C6A /* DFCollectionViewPreheatingController.m in Sources */ = {isa = PBXBuildFile; fileRef = 0C44A8681AAB3CE800900C6A /* DFCollectionViewPreheatingController.m */; };
		0C44A86D1AAB3CFE00900C6A /* DFImageManagerKit+UI.h in Headers */ = {isa = PBXBuildFile; fileRef = 0C44A86C1AAB3CFE00900C6A /* DFImageManagerKit+UI.h */; settings = {ATTRIBUTES = (Public, ); }; };
		0C5BD74D1AA31943003C0BB6 /* TDFMockImageProcessor.m in Sources */ = {isa = PBXBuildFile; fileRef = 0C5BD74C1AA31943003C0BB6 /* TDFMockImageProcessor.m */; };
		0C5BD7501AA32CA5003C0BB6 /* TDFMockImageCache.m in Sources */ = {isa = PBXBuildFile; fileRef = 0C5BD74F1AA32CA5003C0BB6 /* TDFMockImageCache.m */; };
		0C6550B31AA738EB00B4805C /* DFAnimatedImage.m in Sources */ = {isa = PBXBuildFile; fileRef = 0C6550B11AA738EB00B4805C /* DFAnimatedImage.m */; };
		0C6550B51AA82C0000B4805C /* DFAnimatedImage.h in Headers */ = {isa = PBXBuildFile; fileRef = 0C6550B01AA738EB00B4805C /* DFAnimatedImage.h */; settings = {ATTRIBUTES = (Public, ); }; };
		0C6550B61AA82C0000B4805C /* DFAnimatedImage.m in Sources */ = {isa = PBXBuildFile; fileRef = 0C6550B11AA738EB00B4805C /* DFAnimatedImage.m */; };
		0C7476A31A4E6EAF004FE2EE /* libDFImageManager.a in Frameworks */ = {isa = PBXBuildFile; fileRef = 0C2BD4B81A03A28000412BE3 /* libDFImageManager.a */; };
		0C8075AD1ABAF3A400A9D88F /* TDFImageCache.m in Sources */ = {isa = PBXBuildFile; fileRef = 0C8075AC1ABAF3A400A9D88F /* TDFImageCache.m */; };
		0C9D40891AAC58FC00854FEC /* DFAFImageFetcher.m in Sources */ = {isa = PBXBuildFile; fileRef = 0C9D40881AAC58FC00854FEC /* DFAFImageFetcher.m */; };
		0C9D408D1AAC5EEC00854FEC /* DFAFImageDeserializer.m in Sources */ = {isa = PBXBuildFile; fileRef = 0C9D408B1AAC5EEC00854FEC /* DFAFImageDeserializer.m */; };
		0CA8F1811A723E1400156090 /* TDFURLImageFetcher.m in Sources */ = {isa = PBXBuildFile; fileRef = 0CA8F1801A723E1400156090 /* TDFURLImageFetcher.m */; };
		0CA8F1821A723E1400156090 /* TDFURLImageFetcher.m in Sources */ = {isa = PBXBuildFile; fileRef = 0CA8F1801A723E1400156090 /* TDFURLImageFetcher.m */; };
		0CAA17F11AA9DB1C00E82041 /* TDFImageRequest.m in Sources */ = {isa = PBXBuildFile; fileRef = 0CAA17F01AA9DB1C00E82041 /* TDFImageRequest.m */; };
		0CAA17F41AAA779800E82041 /* TDFImageRequestOptions.m in Sources */ = {isa = PBXBuildFile; fileRef = 0CAA17F31AAA779800E82041 /* TDFImageRequestOptions.m */; };
		0CBFD3D01AA300CA00A6A482 /* TDFMockImageFetcher.m in Sources */ = {isa = PBXBuildFile; fileRef = 0CBFD3CF1AA300CA00A6A482 /* TDFMockImageFetcher.m */; };
		0CBFD3D31AA3017600A6A482 /* TDFMockResource.m in Sources */ = {isa = PBXBuildFile; fileRef = 0CBFD3D21AA3017600A6A482 /* TDFMockResource.m */; };
		0CD0126E1A6C6B16004F6CD3 /* Image.jpg in Resources */ = {isa = PBXBuildFile; fileRef = 0CD012681A6C6B16004F6CD3 /* Image.jpg */; };
		0CD0126F1A6C6B16004F6CD3 /* TDFTesting.m in Sources */ = {isa = PBXBuildFile; fileRef = 0CD0126A1A6C6B16004F6CD3 /* TDFTesting.m */; };
		0CD012701A6C6B16004F6CD3 /* TDFImageManager.m in Sources */ = {isa = PBXBuildFile; fileRef = 0CD0126C1A6C6B16004F6CD3 /* TDFImageManager.m */; };
		0CE578481AA352B000E934FB /* TDFMockFetchOperation.m in Sources */ = {isa = PBXBuildFile; fileRef = 0CE578471AA352B000E934FB /* TDFMockFetchOperation.m */; };
		0CE578541AA4067D00E934FB /* TDFCompositeImageManager.m in Sources */ = {isa = PBXBuildFile; fileRef = 0CE578531AA4067D00E934FB /* TDFCompositeImageManager.m */; };
		0CEEEC8A1AABC5FC00C212A4 /* DFImageProcessor.h in Headers */ = {isa = PBXBuildFile; fileRef = 0CEEEC821AABC5FC00C212A4 /* DFImageProcessor.h */; settings = {ATTRIBUTES = (Public, ); }; };
		0CEEEC8B1AABC5FC00C212A4 /* DFImageProcessor.m in Sources */ = {isa = PBXBuildFile; fileRef = 0CEEEC831AABC5FC00C212A4 /* DFImageProcessor.m */; };
		0CEEEC8C1AABC5FC00C212A4 /* DFImageProcessor.m in Sources */ = {isa = PBXBuildFile; fileRef = 0CEEEC831AABC5FC00C212A4 /* DFImageProcessor.m */; };
		0CEEEC9D1AABC84F00C212A4 /* DFCachedImage.h in Headers */ = {isa = PBXBuildFile; fileRef = 0CEEEC971AABC84F00C212A4 /* DFCachedImage.h */; settings = {ATTRIBUTES = (Public, ); }; };
		0CEEEC9E1AABC84F00C212A4 /* DFCachedImage.m in Sources */ = {isa = PBXBuildFile; fileRef = 0CEEEC981AABC84F00C212A4 /* DFCachedImage.m */; };
		0CEEEC9F1AABC84F00C212A4 /* DFCachedImage.m in Sources */ = {isa = PBXBuildFile; fileRef = 0CEEEC981AABC84F00C212A4 /* DFCachedImage.m */; };
		0CEEECA01AABC84F00C212A4 /* DFImageCache.h in Headers */ = {isa = PBXBuildFile; fileRef = 0CEEEC991AABC84F00C212A4 /* DFImageCache.h */; settings = {ATTRIBUTES = (Public, ); }; };
		0CEEECA11AABC84F00C212A4 /* DFImageCache.m in Sources */ = {isa = PBXBuildFile; fileRef = 0CEEEC9A1AABC84F00C212A4 /* DFImageCache.m */; };
		0CEEECA21AABC84F00C212A4 /* DFImageCache.m in Sources */ = {isa = PBXBuildFile; fileRef = 0CEEEC9A1AABC84F00C212A4 /* DFImageCache.m */; };
		0CEEECA31AABC84F00C212A4 /* NSCache+DFImageManager.h in Headers */ = {isa = PBXBuildFile; fileRef = 0CEEEC9B1AABC84F00C212A4 /* NSCache+DFImageManager.h */; settings = {ATTRIBUTES = (Public, ); }; };
		0CEEECA41AABC84F00C212A4 /* NSCache+DFImageManager.m in Sources */ = {isa = PBXBuildFile; fileRef = 0CEEEC9C1AABC84F00C212A4 /* NSCache+DFImageManager.m */; };
		0CEEECA51AABC84F00C212A4 /* NSCache+DFImageManager.m in Sources */ = {isa = PBXBuildFile; fileRef = 0CEEEC9C1AABC84F00C212A4 /* NSCache+DFImageManager.m */; };
		0CEEECD11AABD70400C212A4 /* DFImageRequest.h in Headers */ = {isa = PBXBuildFile; fileRef = 0CEEECCB1AABD70400C212A4 /* DFImageRequest.h */; settings = {ATTRIBUTES = (Public, ); }; };
		0CEEECD21AABD70400C212A4 /* DFImageRequest.m in Sources */ = {isa = PBXBuildFile; fileRef = 0CEEECCC1AABD70400C212A4 /* DFImageRequest.m */; };
		0CEEECD31AABD70400C212A4 /* DFImageRequest.m in Sources */ = {isa = PBXBuildFile; fileRef = 0CEEECCC1AABD70400C212A4 /* DFImageRequest.m */; };
		0CEEECD41AABD70400C212A4 /* DFImageRequestOptions.h in Headers */ = {isa = PBXBuildFile; fileRef = 0CEEECCD1AABD70400C212A4 /* DFImageRequestOptions.h */; settings = {ATTRIBUTES = (Public, ); }; };
		0CEEECD51AABD70400C212A4 /* DFImageRequestOptions.m in Sources */ = {isa = PBXBuildFile; fileRef = 0CEEECCE1AABD70400C212A4 /* DFImageRequestOptions.m */; };
		0CEEECD61AABD70400C212A4 /* DFImageRequestOptions.m in Sources */ = {isa = PBXBuildFile; fileRef = 0CEEECCE1AABD70400C212A4 /* DFImageRequestOptions.m */; };
		0CEEECD71AABD70400C212A4 /* DFImageResponse.h in Headers */ = {isa = PBXBuildFile; fileRef = 0CEEECCF1AABD70400C212A4 /* DFImageResponse.h */; settings = {ATTRIBUTES = (Public, ); }; };
		0CEEECD81AABD70400C212A4 /* DFImageResponse.m in Sources */ = {isa = PBXBuildFile; fileRef = 0CEEECD01AABD70400C212A4 /* DFImageResponse.m */; };
		0CEEECD91AABD70400C212A4 /* DFImageResponse.m in Sources */ = {isa = PBXBuildFile; fileRef = 0CEEECD01AABD70400C212A4 /* DFImageResponse.m */; };
		0CEEECDC1AABD71B00C212A4 /* DFImageManagerDefines.h in Headers */ = {isa = PBXBuildFile; fileRef = 0CEEECDA1AABD71B00C212A4 /* DFImageManagerDefines.h */; settings = {ATTRIBUTES = (Public, ); }; };
		0CEEECDD1AABD71B00C212A4 /* DFImageManagerDefines.m in Sources */ = {isa = PBXBuildFile; fileRef = 0CEEECDB1AABD71B00C212A4 /* DFImageManagerDefines.m */; };
		0CEEECDE1AABD71B00C212A4 /* DFImageManagerDefines.m in Sources */ = {isa = PBXBuildFile; fileRef = 0CEEECDB1AABD71B00C212A4 /* DFImageManagerDefines.m */; };
		0CEEECE61AABD75F00C212A4 /* DFImageRequestID.h in Headers */ = {isa = PBXBuildFile; fileRef = 0CEEECE41AABD75F00C212A4 /* DFImageRequestID.h */; settings = {ATTRIBUTES = (Public, ); }; };
		0CEEECE71AABD75F00C212A4 /* DFImageRequestID.m in Sources */ = {isa = PBXBuildFile; fileRef = 0CEEECE51AABD75F00C212A4 /* DFImageRequestID.m */; };
		0CEEECE81AABD75F00C212A4 /* DFImageRequestID.m in Sources */ = {isa = PBXBuildFile; fileRef = 0CEEECE51AABD75F00C212A4 /* DFImageRequestID.m */; };
		0CEEECFE1AABD9DB00C212A4 /* DFImageFetchTask.h in Headers */ = {isa = PBXBuildFile; fileRef = 0CEEECF61AABD9DB00C212A4 /* DFImageFetchTask.h */; settings = {ATTRIBUTES = (Public, ); }; };
		0CEEECFF1AABD9DB00C212A4 /* DFImageFetchTask.m in Sources */ = {isa = PBXBuildFile; fileRef = 0CEEECF71AABD9DB00C212A4 /* DFImageFetchTask.m */; };
		0CEEED011AABD9DB00C212A4 /* DFCompositeImageManager.h in Headers */ = {isa = PBXBuildFile; fileRef = 0CEEECF81AABD9DB00C212A4 /* DFCompositeImageManager.h */; settings = {ATTRIBUTES = (Public, ); }; };
		0CEEED021AABD9DB00C212A4 /* DFCompositeImageManager.m in Sources */ = {isa = PBXBuildFile; fileRef = 0CEEECF91AABD9DB00C212A4 /* DFCompositeImageManager.m */; };
		0CEEED031AABD9DB00C212A4 /* DFCompositeImageManager.m in Sources */ = {isa = PBXBuildFile; fileRef = 0CEEECF91AABD9DB00C212A4 /* DFCompositeImageManager.m */; };
		0CEEED041AABD9DB00C212A4 /* DFNetworkReachability.h in Headers */ = {isa = PBXBuildFile; fileRef = 0CEEECFA1AABD9DB00C212A4 /* DFNetworkReachability.h */; settings = {ATTRIBUTES = (Public, ); }; };
		0CEEED051AABD9DB00C212A4 /* DFNetworkReachability.m in Sources */ = {isa = PBXBuildFile; fileRef = 0CEEECFB1AABD9DB00C212A4 /* DFNetworkReachability.m */; };
		0CEEED061AABD9DB00C212A4 /* DFNetworkReachability.m in Sources */ = {isa = PBXBuildFile; fileRef = 0CEEECFB1AABD9DB00C212A4 /* DFNetworkReachability.m */; };
		0CEEED071AABD9DB00C212A4 /* DFProxyImageManager.h in Headers */ = {isa = PBXBuildFile; fileRef = 0CEEECFC1AABD9DB00C212A4 /* DFProxyImageManager.h */; settings = {ATTRIBUTES = (Public, ); }; };
		0CEEED081AABD9DB00C212A4 /* DFProxyImageManager.m in Sources */ = {isa = PBXBuildFile; fileRef = 0CEEECFD1AABD9DB00C212A4 /* DFProxyImageManager.m */; };
		0CEEED091AABD9DB00C212A4 /* DFProxyImageManager.m in Sources */ = {isa = PBXBuildFile; fileRef = 0CEEECFD1AABD9DB00C212A4 /* DFProxyImageManager.m */; };
		0CEEED0A1AABE32E00C212A4 /* DFImageFetchTask.m in Sources */ = {isa = PBXBuildFile; fileRef = 0CEEECF71AABD9DB00C212A4 /* DFImageFetchTask.m */; };
		0CEEED111AABE36100C212A4 /* DFImageManager.h in Headers */ = {isa = PBXBuildFile; fileRef = 0CEEED0C1AABE36100C212A4 /* DFImageManager.h */; settings = {ATTRIBUTES = (Public, ); }; };
		0CEEED121AABE36100C212A4 /* DFImageManager.m in Sources */ = {isa = PBXBuildFile; fileRef = 0CEEED0D1AABE36100C212A4 /* DFImageManager.m */; };
		0CEEED131AABE36100C212A4 /* DFImageManager.m in Sources */ = {isa = PBXBuildFile; fileRef = 0CEEED0D1AABE36100C212A4 /* DFImageManager.m */; };
		0CEEED141AABE36100C212A4 /* DFImageManager+DefaultManager.m in Sources */ = {isa = PBXBuildFile; fileRef = 0CEEED0E1AABE36100C212A4 /* DFImageManager+DefaultManager.m */; };
		0CEEED151AABE36100C212A4 /* DFImageManager+DefaultManager.m in Sources */ = {isa = PBXBuildFile; fileRef = 0CEEED0E1AABE36100C212A4 /* DFImageManager+DefaultManager.m */; };
		0CEEED161AABE36100C212A4 /* DFImageManagerConfiguration.h in Headers */ = {isa = PBXBuildFile; fileRef = 0CEEED0F1AABE36100C212A4 /* DFImageManagerConfiguration.h */; settings = {ATTRIBUTES = (Public, ); }; };
		0CEEED171AABE36100C212A4 /* DFImageManagerConfiguration.m in Sources */ = {isa = PBXBuildFile; fileRef = 0CEEED101AABE36100C212A4 /* DFImageManagerConfiguration.m */; };
		0CEEED181AABE36100C212A4 /* DFImageManagerConfiguration.m in Sources */ = {isa = PBXBuildFile; fileRef = 0CEEED101AABE36100C212A4 /* DFImageManagerConfiguration.m */; };
		0CEEED261AABE4BC00C212A4 /* DFImageManagerKit+NSURLSession.h in Headers */ = {isa = PBXBuildFile; fileRef = 0CEEED1A1AABE4BC00C212A4 /* DFImageManagerKit+NSURLSession.h */; settings = {ATTRIBUTES = (Public, ); }; };
		0CEEED271AABE4BC00C212A4 /* DFURLHTTPImageDeserializer.h in Headers */ = {isa = PBXBuildFile; fileRef = 0CEEED1B1AABE4BC00C212A4 /* DFURLHTTPImageDeserializer.h */; settings = {ATTRIBUTES = (Public, ); }; };
		0CEEED281AABE4BC00C212A4 /* DFURLHTTPImageDeserializer.m in Sources */ = {isa = PBXBuildFile; fileRef = 0CEEED1C1AABE4BC00C212A4 /* DFURLHTTPImageDeserializer.m */; };
		0CEEED291AABE4BC00C212A4 /* DFURLHTTPImageDeserializer.m in Sources */ = {isa = PBXBuildFile; fileRef = 0CEEED1C1AABE4BC00C212A4 /* DFURLHTTPImageDeserializer.m */; };
		0CEEED2A1AABE4BC00C212A4 /* DFURLImageDeserializer.h in Headers */ = {isa = PBXBuildFile; fileRef = 0CEEED1D1AABE4BC00C212A4 /* DFURLImageDeserializer.h */; settings = {ATTRIBUTES = (Public, ); }; };
		0CEEED2B1AABE4BC00C212A4 /* DFURLImageDeserializer.m in Sources */ = {isa = PBXBuildFile; fileRef = 0CEEED1E1AABE4BC00C212A4 /* DFURLImageDeserializer.m */; };
		0CEEED2C1AABE4BC00C212A4 /* DFURLImageDeserializer.m in Sources */ = {isa = PBXBuildFile; fileRef = 0CEEED1E1AABE4BC00C212A4 /* DFURLImageDeserializer.m */; };
		0CEEED2D1AABE4BC00C212A4 /* DFURLImageFetcher.h in Headers */ = {isa = PBXBuildFile; fileRef = 0CEEED1F1AABE4BC00C212A4 /* DFURLImageFetcher.h */; settings = {ATTRIBUTES = (Public, ); }; };
		0CEEED2E1AABE4BC00C212A4 /* DFURLImageFetcher.m in Sources */ = {isa = PBXBuildFile; fileRef = 0CEEED201AABE4BC00C212A4 /* DFURLImageFetcher.m */; };
		0CEEED2F1AABE4BC00C212A4 /* DFURLImageFetcher.m in Sources */ = {isa = PBXBuildFile; fileRef = 0CEEED201AABE4BC00C212A4 /* DFURLImageFetcher.m */; };
		0CEEED331AABE4BC00C212A4 /* DFURLResponseDeserializing.h in Headers */ = {isa = PBXBuildFile; fileRef = 0CEEED231AABE4BC00C212A4 /* DFURLResponseDeserializing.h */; settings = {ATTRIBUTES = (Public, ); }; };
		0CF011861AAE1BAF0013AD13 /* DFImageManager+SharedManager.m in Sources */ = {isa = PBXBuildFile; fileRef = 0CF011841AAE1BAF0013AD13 /* DFImageManager+SharedManager.m */; };
		0CF011871AAE1BAF0013AD13 /* DFImageManager+SharedManager.m in Sources */ = {isa = PBXBuildFile; fileRef = 0CF011841AAE1BAF0013AD13 /* DFImageManager+SharedManager.m */; };
		68D055111E51D12C6749D1BC /* libPods.a in Frameworks */ = {isa = PBXBuildFile; fileRef = FE905C97593137A3540CA56B /* libPods.a */; };
		902339985D00D098A389D495 /* libPods-DFImageManagerTests.a in Frameworks */ = {isa = PBXBuildFile; fileRef = 35AEC21DD9AC0DE7AE2AB433 /* libPods-DFImageManagerTests.a */; };
		DF936E4C31AA3BD40C9009B4 /* libPods.a in Frameworks */ = {isa = PBXBuildFile; fileRef = FE905C97593137A3540CA56B /* libPods.a */; };
/* End PBXBuildFile section */

/* Begin PBXContainerItemProxy section */
		0C3EF4E61A6C6E8D0046FD55 /* PBXContainerItemProxy */ = {
			isa = PBXContainerItemProxy;
			containerPortal = 0C2BD4B01A03A28000412BE3 /* Project object */;
			proxyType = 1;
			remoteGlobalIDString = 0C3EF4D91A6C6E8D0046FD55;
			remoteInfo = DFImageManagerFramework;
		};
		0C7476A41A4E6EB5004FE2EE /* PBXContainerItemProxy */ = {
			isa = PBXContainerItemProxy;
			containerPortal = 0C2BD4B01A03A28000412BE3 /* Project object */;
			proxyType = 1;
			remoteGlobalIDString = 0C2BD4B71A03A28000412BE3;
			remoteInfo = DFImageManager;
		};
/* End PBXContainerItemProxy section */

/* Begin PBXCopyFilesBuildPhase section */
		0C2BD4B61A03A28000412BE3 /* CopyFiles */ = {
			isa = PBXCopyFilesBuildPhase;
			buildActionMask = 2147483647;
			dstPath = "include/$(PRODUCT_NAME)";
			dstSubfolderSpec = 16;
			files = (
			);
			runOnlyForDeploymentPostprocessing = 0;
		};
/* End PBXCopyFilesBuildPhase section */

/* Begin PBXFileReference section */
		08231C32293CC0B246EA8D13 /* Pods.release.xcconfig */ = {isa = PBXFileReference; includeInIndex = 1; lastKnownFileType = text.xcconfig; name = Pods.release.xcconfig; path = "../Pods/Target Support Files/Pods/Pods.release.xcconfig"; sourceTree = "<group>"; };
		0C2BD4B81A03A28000412BE3 /* libDFImageManager.a */ = {isa = PBXFileReference; explicitFileType = archive.ar; includeInIndex = 0; path = libDFImageManager.a; sourceTree = BUILT_PRODUCTS_DIR; };
		0C2BD4C31A03A28000412BE3 /* DFImageManagerTests.xctest */ = {isa = PBXFileReference; explicitFileType = wrapper.cfbundle; includeInIndex = 0; path = DFImageManagerTests.xctest; sourceTree = BUILT_PRODUCTS_DIR; };
		0C3EF4D31A6C6E1E0046FD55 /* DFImageManagerTests-Info.plist */ = {isa = PBXFileReference; fileEncoding = 4; lastKnownFileType = text.plist.xml; path = "DFImageManagerTests-Info.plist"; sourceTree = "<group>"; };
		0C3EF4DA1A6C6E8D0046FD55 /* DFImageManagerKit.framework */ = {isa = PBXFileReference; explicitFileType = wrapper.framework; includeInIndex = 0; path = DFImageManagerKit.framework; sourceTree = BUILT_PRODUCTS_DIR; };
		0C3EF4E41A6C6E8D0046FD55 /* DFImageManagerKitTests.xctest */ = {isa = PBXFileReference; explicitFileType = wrapper.cfbundle; includeInIndex = 0; path = DFImageManagerKitTests.xctest; sourceTree = BUILT_PRODUCTS_DIR; };
		0C3EF4F71A6C6EC80046FD55 /* DFImageManagerKitTests-Info.plist */ = {isa = PBXFileReference; fileEncoding = 4; lastKnownFileType = text.plist.xml; path = "DFImageManagerKitTests-Info.plist"; sourceTree = "<group>"; };
		0C3EF5881A6C754C0046FD55 /* DFImageManagerKit.h */ = {isa = PBXFileReference; fileEncoding = 4; lastKnownFileType = sourcecode.c.h; path = DFImageManagerKit.h; sourceTree = "<group>"; };
		0C3EF58C1A6C79950046FD55 /* DFImageManagerKit-Info.plist */ = {isa = PBXFileReference; fileEncoding = 4; lastKnownFileType = text.plist.xml; path = "DFImageManagerKit-Info.plist"; sourceTree = "<group>"; };
		0C44A7321AAB235800900C6A /* DFPhotosKitImageFetcher.h */ = {isa = PBXFileReference; fileEncoding = 4; lastKnownFileType = sourcecode.c.h; path = DFPhotosKitImageFetcher.h; sourceTree = "<group>"; };
		0C44A7331AAB235800900C6A /* DFPhotosKitImageFetcher.m */ = {isa = PBXFileReference; fileEncoding = 4; lastKnownFileType = sourcecode.c.objc; path = DFPhotosKitImageFetcher.m; sourceTree = "<group>"; };
		0C44A7341AAB235800900C6A /* DFPhotosKitImageFetchOperation.h */ = {isa = PBXFileReference; fileEncoding = 4; lastKnownFileType = sourcecode.c.h; path = DFPhotosKitImageFetchOperation.h; sourceTree = "<group>"; };
		0C44A7351AAB235800900C6A /* DFPhotosKitImageFetchOperation.m */ = {isa = PBXFileReference; fileEncoding = 4; lastKnownFileType = sourcecode.c.objc; path = DFPhotosKitImageFetchOperation.m; sourceTree = "<group>"; };
		0C44A7381AAB235800900C6A /* NSURL+DFPhotosKit.h */ = {isa = PBXFileReference; fileEncoding = 4; lastKnownFileType = sourcecode.c.h; path = "NSURL+DFPhotosKit.h"; sourceTree = "<group>"; };
		0C44A7391AAB235800900C6A /* NSURL+DFPhotosKit.m */ = {isa = PBXFileReference; fileEncoding = 4; lastKnownFileType = sourcecode.c.objc; path = "NSURL+DFPhotosKit.m"; sourceTree = "<group>"; };
		0C44A74E1AAB273F00900C6A /* DFImageManagerKit.h */ = {isa = PBXFileReference; fileEncoding = 4; lastKnownFileType = sourcecode.c.h; path = DFImageManagerKit.h; sourceTree = "<group>"; };
		0C44A7911AAB273F00900C6A /* DFImageCaching.h */ = {isa = PBXFileReference; fileEncoding = 4; lastKnownFileType = sourcecode.c.h; path = DFImageCaching.h; sourceTree = "<group>"; };
		0C44A7921AAB273F00900C6A /* DFImageFetching.h */ = {isa = PBXFileReference; fileEncoding = 4; lastKnownFileType = sourcecode.c.h; path = DFImageFetching.h; sourceTree = "<group>"; };
		0C44A7941AAB273F00900C6A /* DFImageManaging.h */ = {isa = PBXFileReference; fileEncoding = 4; lastKnownFileType = sourcecode.c.h; path = DFImageManaging.h; sourceTree = "<group>"; };
		0C44A7951AAB273F00900C6A /* DFImageProcessing.h */ = {isa = PBXFileReference; fileEncoding = 4; lastKnownFileType = sourcecode.c.h; path = DFImageProcessing.h; sourceTree = "<group>"; };
		0C44A8141AAB2AD900900C6A /* ALAssetsLibrary+DFImageManager.h */ = {isa = PBXFileReference; fileEncoding = 4; lastKnownFileType = sourcecode.c.h; path = "ALAssetsLibrary+DFImageManager.h"; sourceTree = "<group>"; };
		0C44A8151AAB2AD900900C6A /* ALAssetsLibrary+DFImageManager.m */ = {isa = PBXFileReference; fileEncoding = 4; lastKnownFileType = sourcecode.c.objc; path = "ALAssetsLibrary+DFImageManager.m"; sourceTree = "<group>"; };
		0C44A8161AAB2AD900900C6A /* DFALAsset.h */ = {isa = PBXFileReference; fileEncoding = 4; lastKnownFileType = sourcecode.c.h; path = DFALAsset.h; sourceTree = "<group>"; };
		0C44A8171AAB2AD900900C6A /* DFALAsset.m */ = {isa = PBXFileReference; fileEncoding = 4; lastKnownFileType = sourcecode.c.objc; path = DFALAsset.m; sourceTree = "<group>"; };
		0C44A8181AAB2AD900900C6A /* DFAssetsLibraryImageFetcher.h */ = {isa = PBXFileReference; fileEncoding = 4; lastKnownFileType = sourcecode.c.h; path = DFAssetsLibraryImageFetcher.h; sourceTree = "<group>"; };
		0C44A8191AAB2AD900900C6A /* DFAssetsLibraryImageFetcher.m */ = {isa = PBXFileReference; fileEncoding = 4; lastKnownFileType = sourcecode.c.objc; path = DFAssetsLibraryImageFetcher.m; sourceTree = "<group>"; };
		0C44A81A1AAB2AD900900C6A /* DFAssetsLibraryImageFetchOperation.h */ = {isa = PBXFileReference; fileEncoding = 4; lastKnownFileType = sourcecode.c.h; path = DFAssetsLibraryImageFetchOperation.h; sourceTree = "<group>"; };
		0C44A81B1AAB2AD900900C6A /* DFAssetsLibraryImageFetchOperation.m */ = {isa = PBXFileReference; fileEncoding = 4; lastKnownFileType = sourcecode.c.objc; path = DFAssetsLibraryImageFetchOperation.m; sourceTree = "<group>"; };
		0C44A81E1AAB2AD900900C6A /* DFAssetsLibraryDefines.h */ = {isa = PBXFileReference; fileEncoding = 4; lastKnownFileType = sourcecode.c.h; path = DFAssetsLibraryDefines.h; sourceTree = "<group>"; };
		0C44A82F1AAB2C7F00900C6A /* DFImageManagerKit+AssetsLibrary.h */ = {isa = PBXFileReference; fileEncoding = 4; lastKnownFileType = sourcecode.c.h; path = "DFImageManagerKit+AssetsLibrary.h"; sourceTree = "<group>"; };
		0C44A8311AAB2E5400900C6A /* DFImageManagerKit+PhotosKit.h */ = {isa = PBXFileReference; fileEncoding = 4; lastKnownFileType = sourcecode.c.h; path = "DFImageManagerKit+PhotosKit.h"; sourceTree = "<group>"; };
		0C44A8581AAB3C8000900C6A /* DFImageContainerView.h */ = {isa = PBXFileReference; fileEncoding = 4; lastKnownFileType = sourcecode.c.h; path = DFImageContainerView.h; sourceTree = "<group>"; };
		0C44A8591AAB3C8000900C6A /* DFImageContainerView.m */ = {isa = PBXFileReference; fileEncoding = 4; lastKnownFileType = sourcecode.c.objc; path = DFImageContainerView.m; sourceTree = "<group>"; };
		0C44A85A1AAB3C8000900C6A /* DFImageView.h */ = {isa = PBXFileReference; fileEncoding = 4; lastKnownFileType = sourcecode.c.h; path = DFImageView.h; sourceTree = "<group>"; };
		0C44A85B1AAB3C8000900C6A /* DFImageView.m */ = {isa = PBXFileReference; fileEncoding = 4; lastKnownFileType = sourcecode.c.objc; path = DFImageView.m; sourceTree = "<group>"; };
		0C44A8621AAB3CC000900C6A /* UIImageView+DFImageManager.h */ = {isa = PBXFileReference; fileEncoding = 4; lastKnownFileType = sourcecode.c.h; path = "UIImageView+DFImageManager.h"; sourceTree = "<group>"; };
		0C44A8631AAB3CC000900C6A /* UIImageView+DFImageManager.m */ = {isa = PBXFileReference; fileEncoding = 4; lastKnownFileType = sourcecode.c.objc; path = "UIImageView+DFImageManager.m"; sourceTree = "<group>"; };
		0C44A8671AAB3CE800900C6A /* DFCollectionViewPreheatingController.h */ = {isa = PBXFileReference; fileEncoding = 4; lastKnownFileType = sourcecode.c.h; path = DFCollectionViewPreheatingController.h; sourceTree = "<group>"; };
		0C44A8681AAB3CE800900C6A /* DFCollectionViewPreheatingController.m */ = {isa = PBXFileReference; fileEncoding = 4; lastKnownFileType = sourcecode.c.objc; path = DFCollectionViewPreheatingController.m; sourceTree = "<group>"; };
		0C44A86C1AAB3CFE00900C6A /* DFImageManagerKit+UI.h */ = {isa = PBXFileReference; fileEncoding = 4; lastKnownFileType = sourcecode.c.h; path = "DFImageManagerKit+UI.h"; sourceTree = "<group>"; };
		0C5BD74B1AA31943003C0BB6 /* TDFMockImageProcessor.h */ = {isa = PBXFileReference; fileEncoding = 4; lastKnownFileType = sourcecode.c.h; path = TDFMockImageProcessor.h; sourceTree = "<group>"; };
		0C5BD74C1AA31943003C0BB6 /* TDFMockImageProcessor.m */ = {isa = PBXFileReference; fileEncoding = 4; lastKnownFileType = sourcecode.c.objc; path = TDFMockImageProcessor.m; sourceTree = "<group>"; };
		0C5BD74E1AA32CA5003C0BB6 /* TDFMockImageCache.h */ = {isa = PBXFileReference; fileEncoding = 4; lastKnownFileType = sourcecode.c.h; path = TDFMockImageCache.h; sourceTree = "<group>"; };
		0C5BD74F1AA32CA5003C0BB6 /* TDFMockImageCache.m */ = {isa = PBXFileReference; fileEncoding = 4; lastKnownFileType = sourcecode.c.objc; path = TDFMockImageCache.m; sourceTree = "<group>"; };
		0C6550B01AA738EB00B4805C /* DFAnimatedImage.h */ = {isa = PBXFileReference; fileEncoding = 4; lastKnownFileType = sourcecode.c.h; path = DFAnimatedImage.h; sourceTree = "<group>"; };
		0C6550B11AA738EB00B4805C /* DFAnimatedImage.m */ = {isa = PBXFileReference; fileEncoding = 4; lastKnownFileType = sourcecode.c.objc; path = DFAnimatedImage.m; sourceTree = "<group>"; };
		0C8075AC1ABAF3A400A9D88F /* TDFImageCache.m */ = {isa = PBXFileReference; fileEncoding = 4; lastKnownFileType = sourcecode.c.objc; path = TDFImageCache.m; sourceTree = "<group>"; };
		0C9D40851AAC562100854FEC /* DFImageManagerKit+AFNetworking.h */ = {isa = PBXFileReference; fileEncoding = 4; lastKnownFileType = sourcecode.c.h; path = "DFImageManagerKit+AFNetworking.h"; sourceTree = "<group>"; };
		0C9D40871AAC58FC00854FEC /* DFAFImageFetcher.h */ = {isa = PBXFileReference; fileEncoding = 4; lastKnownFileType = sourcecode.c.h; path = DFAFImageFetcher.h; sourceTree = "<group>"; };
		0C9D40881AAC58FC00854FEC /* DFAFImageFetcher.m */ = {isa = PBXFileReference; fileEncoding = 4; lastKnownFileType = sourcecode.c.objc; path = DFAFImageFetcher.m; sourceTree = "<group>"; };
		0C9D408A1AAC5EEC00854FEC /* DFAFImageDeserializer.h */ = {isa = PBXFileReference; fileEncoding = 4; lastKnownFileType = sourcecode.c.h; path = DFAFImageDeserializer.h; sourceTree = "<group>"; };
		0C9D408B1AAC5EEC00854FEC /* DFAFImageDeserializer.m */ = {isa = PBXFileReference; fileEncoding = 4; lastKnownFileType = sourcecode.c.objc; path = DFAFImageDeserializer.m; sourceTree = "<group>"; };
		0CA8F1801A723E1400156090 /* TDFURLImageFetcher.m */ = {isa = PBXFileReference; fileEncoding = 4; lastKnownFileType = sourcecode.c.objc; path = TDFURLImageFetcher.m; sourceTree = "<group>"; };
		0CAA17F01AA9DB1C00E82041 /* TDFImageRequest.m */ = {isa = PBXFileReference; fileEncoding = 4; lastKnownFileType = sourcecode.c.objc; path = TDFImageRequest.m; sourceTree = "<group>"; };
		0CAA17F21AAA69B000E82041 /* TDFCommonTests.h */ = {isa = PBXFileReference; fileEncoding = 4; lastKnownFileType = sourcecode.c.h; path = TDFCommonTests.h; sourceTree = "<group>"; };
		0CAA17F31AAA779800E82041 /* TDFImageRequestOptions.m */ = {isa = PBXFileReference; fileEncoding = 4; lastKnownFileType = sourcecode.c.objc; path = TDFImageRequestOptions.m; sourceTree = "<group>"; };
		0CBFD3CE1AA300CA00A6A482 /* TDFMockImageFetcher.h */ = {isa = PBXFileReference; fileEncoding = 4; lastKnownFileType = sourcecode.c.h; path = TDFMockImageFetcher.h; sourceTree = "<group>"; };
		0CBFD3CF1AA300CA00A6A482 /* TDFMockImageFetcher.m */ = {isa = PBXFileReference; fileEncoding = 4; lastKnownFileType = sourcecode.c.objc; path = TDFMockImageFetcher.m; sourceTree = "<group>"; };
		0CBFD3D11AA3017600A6A482 /* TDFMockResource.h */ = {isa = PBXFileReference; fileEncoding = 4; lastKnownFileType = sourcecode.c.h; path = TDFMockResource.h; sourceTree = "<group>"; };
		0CBFD3D21AA3017600A6A482 /* TDFMockResource.m */ = {isa = PBXFileReference; fileEncoding = 4; lastKnownFileType = sourcecode.c.objc; path = TDFMockResource.m; sourceTree = "<group>"; };
		0CBFD3D41AA3024400A6A482 /* TDFTestingKit.h */ = {isa = PBXFileReference; fileEncoding = 4; lastKnownFileType = sourcecode.c.h; path = TDFTestingKit.h; sourceTree = "<group>"; };
		0CD012681A6C6B16004F6CD3 /* Image.jpg */ = {isa = PBXFileReference; lastKnownFileType = image.jpeg; path = Image.jpg; sourceTree = "<group>"; };
		0CD012691A6C6B16004F6CD3 /* TDFTesting.h */ = {isa = PBXFileReference; fileEncoding = 4; lastKnownFileType = sourcecode.c.h; path = TDFTesting.h; sourceTree = "<group>"; };
		0CD0126A1A6C6B16004F6CD3 /* TDFTesting.m */ = {isa = PBXFileReference; fileEncoding = 4; lastKnownFileType = sourcecode.c.objc; path = TDFTesting.m; sourceTree = "<group>"; };
		0CD0126C1A6C6B16004F6CD3 /* TDFImageManager.m */ = {isa = PBXFileReference; fileEncoding = 4; lastKnownFileType = sourcecode.c.objc; path = TDFImageManager.m; sourceTree = "<group>"; };
		0CE578461AA352B000E934FB /* TDFMockFetchOperation.h */ = {isa = PBXFileReference; fileEncoding = 4; lastKnownFileType = sourcecode.c.h; path = TDFMockFetchOperation.h; sourceTree = "<group>"; };
		0CE578471AA352B000E934FB /* TDFMockFetchOperation.m */ = {isa = PBXFileReference; fileEncoding = 4; lastKnownFileType = sourcecode.c.objc; path = TDFMockFetchOperation.m; sourceTree = "<group>"; };
		0CE578531AA4067D00E934FB /* TDFCompositeImageManager.m */ = {isa = PBXFileReference; fileEncoding = 4; lastKnownFileType = sourcecode.c.objc; path = TDFCompositeImageManager.m; sourceTree = "<group>"; };
		0CEEEC821AABC5FC00C212A4 /* DFImageProcessor.h */ = {isa = PBXFileReference; fileEncoding = 4; lastKnownFileType = sourcecode.c.h; path = DFImageProcessor.h; sourceTree = "<group>"; };
		0CEEEC831AABC5FC00C212A4 /* DFImageProcessor.m */ = {isa = PBXFileReference; fileEncoding = 4; lastKnownFileType = sourcecode.c.objc; path = DFImageProcessor.m; sourceTree = "<group>"; };
		0CEEEC971AABC84F00C212A4 /* DFCachedImage.h */ = {isa = PBXFileReference; fileEncoding = 4; lastKnownFileType = sourcecode.c.h; path = DFCachedImage.h; sourceTree = "<group>"; };
		0CEEEC981AABC84F00C212A4 /* DFCachedImage.m */ = {isa = PBXFileReference; fileEncoding = 4; lastKnownFileType = sourcecode.c.objc; path = DFCachedImage.m; sourceTree = "<group>"; };
		0CEEEC991AABC84F00C212A4 /* DFImageCache.h */ = {isa = PBXFileReference; fileEncoding = 4; lastKnownFileType = sourcecode.c.h; path = DFImageCache.h; sourceTree = "<group>"; };
		0CEEEC9A1AABC84F00C212A4 /* DFImageCache.m */ = {isa = PBXFileReference; fileEncoding = 4; lastKnownFileType = sourcecode.c.objc; path = DFImageCache.m; sourceTree = "<group>"; };
		0CEEEC9B1AABC84F00C212A4 /* NSCache+DFImageManager.h */ = {isa = PBXFileReference; fileEncoding = 4; lastKnownFileType = sourcecode.c.h; path = "NSCache+DFImageManager.h"; sourceTree = "<group>"; };
		0CEEEC9C1AABC84F00C212A4 /* NSCache+DFImageManager.m */ = {isa = PBXFileReference; fileEncoding = 4; lastKnownFileType = sourcecode.c.objc; path = "NSCache+DFImageManager.m"; sourceTree = "<group>"; };
		0CEEECCB1AABD70400C212A4 /* DFImageRequest.h */ = {isa = PBXFileReference; fileEncoding = 4; lastKnownFileType = sourcecode.c.h; path = DFImageRequest.h; sourceTree = "<group>"; };
		0CEEECCC1AABD70400C212A4 /* DFImageRequest.m */ = {isa = PBXFileReference; fileEncoding = 4; lastKnownFileType = sourcecode.c.objc; path = DFImageRequest.m; sourceTree = "<group>"; };
		0CEEECCD1AABD70400C212A4 /* DFImageRequestOptions.h */ = {isa = PBXFileReference; fileEncoding = 4; lastKnownFileType = sourcecode.c.h; path = DFImageRequestOptions.h; sourceTree = "<group>"; };
		0CEEECCE1AABD70400C212A4 /* DFImageRequestOptions.m */ = {isa = PBXFileReference; fileEncoding = 4; lastKnownFileType = sourcecode.c.objc; path = DFImageRequestOptions.m; sourceTree = "<group>"; };
		0CEEECCF1AABD70400C212A4 /* DFImageResponse.h */ = {isa = PBXFileReference; fileEncoding = 4; lastKnownFileType = sourcecode.c.h; path = DFImageResponse.h; sourceTree = "<group>"; };
		0CEEECD01AABD70400C212A4 /* DFImageResponse.m */ = {isa = PBXFileReference; fileEncoding = 4; lastKnownFileType = sourcecode.c.objc; path = DFImageResponse.m; sourceTree = "<group>"; };
		0CEEECDA1AABD71B00C212A4 /* DFImageManagerDefines.h */ = {isa = PBXFileReference; fileEncoding = 4; lastKnownFileType = sourcecode.c.h; path = DFImageManagerDefines.h; sourceTree = "<group>"; };
		0CEEECDB1AABD71B00C212A4 /* DFImageManagerDefines.m */ = {isa = PBXFileReference; fileEncoding = 4; lastKnownFileType = sourcecode.c.objc; path = DFImageManagerDefines.m; sourceTree = "<group>"; };
		0CEEECE41AABD75F00C212A4 /* DFImageRequestID.h */ = {isa = PBXFileReference; fileEncoding = 4; lastKnownFileType = sourcecode.c.h; path = DFImageRequestID.h; sourceTree = "<group>"; };
		0CEEECE51AABD75F00C212A4 /* DFImageRequestID.m */ = {isa = PBXFileReference; fileEncoding = 4; lastKnownFileType = sourcecode.c.objc; path = DFImageRequestID.m; sourceTree = "<group>"; };
		0CEEECF61AABD9DB00C212A4 /* DFImageFetchTask.h */ = {isa = PBXFileReference; fileEncoding = 4; lastKnownFileType = sourcecode.c.h; path = DFImageFetchTask.h; sourceTree = "<group>"; };
		0CEEECF71AABD9DB00C212A4 /* DFImageFetchTask.m */ = {isa = PBXFileReference; fileEncoding = 4; lastKnownFileType = sourcecode.c.objc; path = DFImageFetchTask.m; sourceTree = "<group>"; };
		0CEEECF81AABD9DB00C212A4 /* DFCompositeImageManager.h */ = {isa = PBXFileReference; fileEncoding = 4; lastKnownFileType = sourcecode.c.h; path = DFCompositeImageManager.h; sourceTree = "<group>"; };
		0CEEECF91AABD9DB00C212A4 /* DFCompositeImageManager.m */ = {isa = PBXFileReference; fileEncoding = 4; lastKnownFileType = sourcecode.c.objc; path = DFCompositeImageManager.m; sourceTree = "<group>"; };
		0CEEECFA1AABD9DB00C212A4 /* DFNetworkReachability.h */ = {isa = PBXFileReference; fileEncoding = 4; lastKnownFileType = sourcecode.c.h; path = DFNetworkReachability.h; sourceTree = "<group>"; };
		0CEEECFB1AABD9DB00C212A4 /* DFNetworkReachability.m */ = {isa = PBXFileReference; fileEncoding = 4; lastKnownFileType = sourcecode.c.objc; path = DFNetworkReachability.m; sourceTree = "<group>"; };
		0CEEECFC1AABD9DB00C212A4 /* DFProxyImageManager.h */ = {isa = PBXFileReference; fileEncoding = 4; lastKnownFileType = sourcecode.c.h; path = DFProxyImageManager.h; sourceTree = "<group>"; };
		0CEEECFD1AABD9DB00C212A4 /* DFProxyImageManager.m */ = {isa = PBXFileReference; fileEncoding = 4; lastKnownFileType = sourcecode.c.objc; path = DFProxyImageManager.m; sourceTree = "<group>"; };
		0CEEED0C1AABE36100C212A4 /* DFImageManager.h */ = {isa = PBXFileReference; fileEncoding = 4; lastKnownFileType = sourcecode.c.h; path = DFImageManager.h; sourceTree = "<group>"; };
		0CEEED0D1AABE36100C212A4 /* DFImageManager.m */ = {isa = PBXFileReference; fileEncoding = 4; lastKnownFileType = sourcecode.c.objc; path = DFImageManager.m; sourceTree = "<group>"; };
		0CEEED0E1AABE36100C212A4 /* DFImageManager+DefaultManager.m */ = {isa = PBXFileReference; fileEncoding = 4; lastKnownFileType = sourcecode.c.objc; path = "DFImageManager+DefaultManager.m"; sourceTree = "<group>"; };
		0CEEED0F1AABE36100C212A4 /* DFImageManagerConfiguration.h */ = {isa = PBXFileReference; fileEncoding = 4; lastKnownFileType = sourcecode.c.h; path = DFImageManagerConfiguration.h; sourceTree = "<group>"; };
		0CEEED101AABE36100C212A4 /* DFImageManagerConfiguration.m */ = {isa = PBXFileReference; fileEncoding = 4; lastKnownFileType = sourcecode.c.objc; path = DFImageManagerConfiguration.m; sourceTree = "<group>"; };
		0CEEED1A1AABE4BC00C212A4 /* DFImageManagerKit+NSURLSession.h */ = {isa = PBXFileReference; fileEncoding = 4; lastKnownFileType = sourcecode.c.h; path = "DFImageManagerKit+NSURLSession.h"; sourceTree = "<group>"; };
		0CEEED1B1AABE4BC00C212A4 /* DFURLHTTPImageDeserializer.h */ = {isa = PBXFileReference; fileEncoding = 4; lastKnownFileType = sourcecode.c.h; path = DFURLHTTPImageDeserializer.h; sourceTree = "<group>"; };
		0CEEED1C1AABE4BC00C212A4 /* DFURLHTTPImageDeserializer.m */ = {isa = PBXFileReference; fileEncoding = 4; lastKnownFileType = sourcecode.c.objc; path = DFURLHTTPImageDeserializer.m; sourceTree = "<group>"; };
		0CEEED1D1AABE4BC00C212A4 /* DFURLImageDeserializer.h */ = {isa = PBXFileReference; fileEncoding = 4; lastKnownFileType = sourcecode.c.h; path = DFURLImageDeserializer.h; sourceTree = "<group>"; };
		0CEEED1E1AABE4BC00C212A4 /* DFURLImageDeserializer.m */ = {isa = PBXFileReference; fileEncoding = 4; lastKnownFileType = sourcecode.c.objc; path = DFURLImageDeserializer.m; sourceTree = "<group>"; };
		0CEEED1F1AABE4BC00C212A4 /* DFURLImageFetcher.h */ = {isa = PBXFileReference; fileEncoding = 4; lastKnownFileType = sourcecode.c.h; path = DFURLImageFetcher.h; sourceTree = "<group>"; };
		0CEEED201AABE4BC00C212A4 /* DFURLImageFetcher.m */ = {isa = PBXFileReference; fileEncoding = 4; lastKnownFileType = sourcecode.c.objc; path = DFURLImageFetcher.m; sourceTree = "<group>"; };
		0CEEED231AABE4BC00C212A4 /* DFURLResponseDeserializing.h */ = {isa = PBXFileReference; fileEncoding = 4; lastKnownFileType = sourcecode.c.h; path = DFURLResponseDeserializing.h; sourceTree = "<group>"; };
		0CF011841AAE1BAF0013AD13 /* DFImageManager+SharedManager.m */ = {isa = PBXFileReference; fileEncoding = 4; lastKnownFileType = sourcecode.c.objc; path = "DFImageManager+SharedManager.m"; sourceTree = "<group>"; };
		0CF0118C1AAE894E0013AD13 /* DFImageManagerKit+GIF.h */ = {isa = PBXFileReference; lastKnownFileType = sourcecode.c.h; path = "DFImageManagerKit+GIF.h"; sourceTree = "<group>"; };
		35AEC21DD9AC0DE7AE2AB433 /* libPods-DFImageManagerTests.a */ = {isa = PBXFileReference; explicitFileType = archive.ar; includeInIndex = 0; path = "libPods-DFImageManagerTests.a"; sourceTree = BUILT_PRODUCTS_DIR; };
		81E7E25367D979E56F0B6377 /* Pods-DFImageManagerTests.debug.xcconfig */ = {isa = PBXFileReference; includeInIndex = 1; lastKnownFileType = text.xcconfig; name = "Pods-DFImageManagerTests.debug.xcconfig"; path = "../Pods/Target Support Files/Pods-DFImageManagerTests/Pods-DFImageManagerTests.debug.xcconfig"; sourceTree = "<group>"; };
		9A1D309E5F55472432AE0B73 /* Pods-DFImageManagerTests.release.xcconfig */ = {isa = PBXFileReference; includeInIndex = 1; lastKnownFileType = text.xcconfig; name = "Pods-DFImageManagerTests.release.xcconfig"; path = "../Pods/Target Support Files/Pods-DFImageManagerTests/Pods-DFImageManagerTests.release.xcconfig"; sourceTree = "<group>"; };
		D39726C7936014ADA2B50F72 /* Pods.debug.xcconfig */ = {isa = PBXFileReference; includeInIndex = 1; lastKnownFileType = text.xcconfig; name = Pods.debug.xcconfig; path = "../Pods/Target Support Files/Pods/Pods.debug.xcconfig"; sourceTree = "<group>"; };
		FE905C97593137A3540CA56B /* libPods.a */ = {isa = PBXFileReference; explicitFileType = archive.ar; includeInIndex = 0; path = libPods.a; sourceTree = BUILT_PRODUCTS_DIR; };
/* End PBXFileReference section */

/* Begin PBXFrameworksBuildPhase section */
		0C2BD4B51A03A28000412BE3 /* Frameworks */ = {
			isa = PBXFrameworksBuildPhase;
			buildActionMask = 2147483647;
			files = (
				68D055111E51D12C6749D1BC /* libPods.a in Frameworks */,
			);
			runOnlyForDeploymentPostprocessing = 0;
		};
		0C2BD4C01A03A28000412BE3 /* Frameworks */ = {
			isa = PBXFrameworksBuildPhase;
			buildActionMask = 2147483647;
			files = (
				0C7476A31A4E6EAF004FE2EE /* libDFImageManager.a in Frameworks */,
				902339985D00D098A389D495 /* libPods-DFImageManagerTests.a in Frameworks */,
			);
			runOnlyForDeploymentPostprocessing = 0;
		};
		0C3EF4D61A6C6E8D0046FD55 /* Frameworks */ = {
			isa = PBXFrameworksBuildPhase;
			buildActionMask = 2147483647;
			files = (
				DF936E4C31AA3BD40C9009B4 /* libPods.a in Frameworks */,
			);
			runOnlyForDeploymentPostprocessing = 0;
		};
		0C3EF4E11A6C6E8D0046FD55 /* Frameworks */ = {
			isa = PBXFrameworksBuildPhase;
			buildActionMask = 2147483647;
			files = (
				0C3EF4E51A6C6E8D0046FD55 /* DFImageManagerKit.framework in Frameworks */,
			);
			runOnlyForDeploymentPostprocessing = 0;
		};
/* End PBXFrameworksBuildPhase section */

/* Begin PBXGroup section */
		0C2BD4AF1A03A28000412BE3 = {
			isa = PBXGroup;
			children = (
				0CD011EB1A6C6AB1004F6CD3 /* Source */,
				0CD012651A6C6B16004F6CD3 /* Tests */,
				0C3EF4D21A6C6E030046FD55 /* Supporting Files */,
				0C2BD4B91A03A28000412BE3 /* Products */,
				696562A56BA5751D9A244F06 /* Frameworks */,
				789713635CD477B90979E448 /* Pods */,
			);
			sourceTree = "<group>";
		};
		0C2BD4B91A03A28000412BE3 /* Products */ = {
			isa = PBXGroup;
			children = (
				0C2BD4B81A03A28000412BE3 /* libDFImageManager.a */,
				0C2BD4C31A03A28000412BE3 /* DFImageManagerTests.xctest */,
				0C3EF4DA1A6C6E8D0046FD55 /* DFImageManagerKit.framework */,
				0C3EF4E41A6C6E8D0046FD55 /* DFImageManagerKitTests.xctest */,
			);
			name = Products;
			sourceTree = "<group>";
		};
		0C3EF4D21A6C6E030046FD55 /* Supporting Files */ = {
			isa = PBXGroup;
			children = (
				0C3EF5881A6C754C0046FD55 /* DFImageManagerKit.h */,
				0C3EF58C1A6C79950046FD55 /* DFImageManagerKit-Info.plist */,
				0C3EF4F71A6C6EC80046FD55 /* DFImageManagerKitTests-Info.plist */,
				0C3EF4D31A6C6E1E0046FD55 /* DFImageManagerTests-Info.plist */,
			);
			path = "Supporting Files";
			sourceTree = "<group>";
		};
		0C44A7311AAB235800900C6A /* PhotosKit */ = {
			isa = PBXGroup;
			children = (
				0C44A8311AAB2E5400900C6A /* DFImageManagerKit+PhotosKit.h */,
				0C44A7321AAB235800900C6A /* DFPhotosKitImageFetcher.h */,
				0C44A7331AAB235800900C6A /* DFPhotosKitImageFetcher.m */,
				0C44A7341AAB235800900C6A /* DFPhotosKitImageFetchOperation.h */,
				0C44A7351AAB235800900C6A /* DFPhotosKitImageFetchOperation.m */,
				0C44A7381AAB235800900C6A /* NSURL+DFPhotosKit.h */,
				0C44A7391AAB235800900C6A /* NSURL+DFPhotosKit.m */,
			);
			path = PhotosKit;
			sourceTree = "<group>";
		};
		0C44A7461AAB273F00900C6A /* Core */ = {
			isa = PBXGroup;
			children = (
				0C44A74E1AAB273F00900C6A /* DFImageManagerKit.h */,
				0C44A7901AAB273F00900C6A /* Protocols */,
				0CEEED0B1AABE34D00C212A4 /* Managing */,
				0CEEEC961AABC84F00C212A4 /* Caching */,
				0CEEEC811AABC5FC00C212A4 /* Processing */,
				0CEEECCA1AABD6E500C212A4 /* Support */,
				0CEEECF51AABD9DB00C212A4 /* Utilities */,
			);
			path = Core;
			sourceTree = "<group>";
		};
		0C44A7901AAB273F00900C6A /* Protocols */ = {
			isa = PBXGroup;
			children = (
				0C44A7911AAB273F00900C6A /* DFImageCaching.h */,
				0C44A7921AAB273F00900C6A /* DFImageFetching.h */,
				0C44A7941AAB273F00900C6A /* DFImageManaging.h */,
				0C44A7951AAB273F00900C6A /* DFImageProcessing.h */,
			);
			path = Protocols;
			sourceTree = "<group>";
		};
		0C44A8131AAB2AD900900C6A /* AssetsLibrary */ = {
			isa = PBXGroup;
			children = (
				0C44A82F1AAB2C7F00900C6A /* DFImageManagerKit+AssetsLibrary.h */,
				0C44A81E1AAB2AD900900C6A /* DFAssetsLibraryDefines.h */,
				0C44A8181AAB2AD900900C6A /* DFAssetsLibraryImageFetcher.h */,
				0C44A8191AAB2AD900900C6A /* DFAssetsLibraryImageFetcher.m */,
				0C44A8161AAB2AD900900C6A /* DFALAsset.h */,
				0C44A8171AAB2AD900900C6A /* DFALAsset.m */,
				0C44A81A1AAB2AD900900C6A /* DFAssetsLibraryImageFetchOperation.h */,
				0C44A81B1AAB2AD900900C6A /* DFAssetsLibraryImageFetchOperation.m */,
				0C44A8141AAB2AD900900C6A /* ALAssetsLibrary+DFImageManager.h */,
				0C44A8151AAB2AD900900C6A /* ALAssetsLibrary+DFImageManager.m */,
			);
			path = AssetsLibrary;
			sourceTree = "<group>";
		};
		0C44A8571AAB3C8000900C6A /* UI */ = {
			isa = PBXGroup;
			children = (
				0C44A86C1AAB3CFE00900C6A /* DFImageManagerKit+UI.h */,
				0C44A8581AAB3C8000900C6A /* DFImageContainerView.h */,
				0C44A8591AAB3C8000900C6A /* DFImageContainerView.m */,
				0C44A85A1AAB3C8000900C6A /* DFImageView.h */,
				0C44A85B1AAB3C8000900C6A /* DFImageView.m */,
				0C44A8621AAB3CC000900C6A /* UIImageView+DFImageManager.h */,
				0C44A8631AAB3CC000900C6A /* UIImageView+DFImageManager.m */,
				0C44A8671AAB3CE800900C6A /* DFCollectionViewPreheatingController.h */,
				0C44A8681AAB3CE800900C6A /* DFCollectionViewPreheatingController.m */,
			);
			path = UI;
			sourceTree = "<group>";
		};
		0C6550AF1AA738E100B4805C /* GIF */ = {
			isa = PBXGroup;
			children = (
				0CF0118C1AAE894E0013AD13 /* DFImageManagerKit+GIF.h */,
				0C6550B01AA738EB00B4805C /* DFAnimatedImage.h */,
				0C6550B11AA738EB00B4805C /* DFAnimatedImage.m */,
			);
			path = GIF;
			sourceTree = "<group>";
		};
		0C9D40841AAC560E00854FEC /* AFNetworking */ = {
			isa = PBXGroup;
			children = (
				0C9D40851AAC562100854FEC /* DFImageManagerKit+AFNetworking.h */,
				0C9D40871AAC58FC00854FEC /* DFAFImageFetcher.h */,
				0C9D40881AAC58FC00854FEC /* DFAFImageFetcher.m */,
				0C9D408A1AAC5EEC00854FEC /* DFAFImageDeserializer.h */,
				0C9D408B1AAC5EEC00854FEC /* DFAFImageDeserializer.m */,
			);
			path = AFNetworking;
			sourceTree = "<group>";
		};
		0CBFD3CD1AA300BF00A6A482 /* Mocks */ = {
			isa = PBXGroup;
			children = (
				0CBFD3D11AA3017600A6A482 /* TDFMockResource.h */,
				0CBFD3D21AA3017600A6A482 /* TDFMockResource.m */,
				0CBFD3CE1AA300CA00A6A482 /* TDFMockImageFetcher.h */,
				0CBFD3CF1AA300CA00A6A482 /* TDFMockImageFetcher.m */,
				0C5BD74B1AA31943003C0BB6 /* TDFMockImageProcessor.h */,
				0C5BD74C1AA31943003C0BB6 /* TDFMockImageProcessor.m */,
				0C5BD74E1AA32CA5003C0BB6 /* TDFMockImageCache.h */,
				0C5BD74F1AA32CA5003C0BB6 /* TDFMockImageCache.m */,
				0CE578461AA352B000E934FB /* TDFMockFetchOperation.h */,
				0CE578471AA352B000E934FB /* TDFMockFetchOperation.m */,
			);
			path = Mocks;
			sourceTree = "<group>";
		};
		0CD011EB1A6C6AB1004F6CD3 /* Source */ = {
			isa = PBXGroup;
			children = (
				0C44A7461AAB273F00900C6A /* Core */,
				0C44A8571AAB3C8000900C6A /* UI */,
				0CEEED191AABE4BC00C212A4 /* NSURLSession */,
				0C9D40841AAC560E00854FEC /* AFNetworking */,
				0C44A7311AAB235800900C6A /* PhotosKit */,
				0C44A8131AAB2AD900900C6A /* AssetsLibrary */,
				0C6550AF1AA738E100B4805C /* GIF */,
			);
			path = Source;
			sourceTree = "<group>";
		};
		0CD012651A6C6B16004F6CD3 /* Tests */ = {
			isa = PBXGroup;
			children = (
				0CBFD3D41AA3024400A6A482 /* TDFTestingKit.h */,
				0CD012691A6C6B16004F6CD3 /* TDFTesting.h */,
				0CD0126A1A6C6B16004F6CD3 /* TDFTesting.m */,
				0CD0126B1A6C6B16004F6CD3 /* Tests */,
				0CBFD3CD1AA300BF00A6A482 /* Mocks */,
				0CD012671A6C6B16004F6CD3 /* Resources */,
			);
			path = Tests;
			sourceTree = SOURCE_ROOT;
		};
		0CD012671A6C6B16004F6CD3 /* Resources */ = {
			isa = PBXGroup;
			children = (
				0CD012681A6C6B16004F6CD3 /* Image.jpg */,
			);
			path = Resources;
			sourceTree = "<group>";
		};
		0CD0126B1A6C6B16004F6CD3 /* Tests */ = {
			isa = PBXGroup;
			children = (
				0CD0126C1A6C6B16004F6CD3 /* TDFImageManager.m */,
				0CA8F1801A723E1400156090 /* TDFURLImageFetcher.m */,
				0CE578531AA4067D00E934FB /* TDFCompositeImageManager.m */,
				0CAA17F01AA9DB1C00E82041 /* TDFImageRequest.m */,
				0CAA17F31AAA779800E82041 /* TDFImageRequestOptions.m */,
				0CAA17F21AAA69B000E82041 /* TDFCommonTests.h */,
				0C8075AC1ABAF3A400A9D88F /* TDFImageCache.m */,
			);
			path = Tests;
			sourceTree = "<group>";
		};
		0CEEEC811AABC5FC00C212A4 /* Processing */ = {
			isa = PBXGroup;
			children = (
				0CEEEC821AABC5FC00C212A4 /* DFImageProcessor.h */,
				0CEEEC831AABC5FC00C212A4 /* DFImageProcessor.m */,
			);
			path = Processing;
			sourceTree = "<group>";
		};
		0CEEEC961AABC84F00C212A4 /* Caching */ = {
			isa = PBXGroup;
			children = (
				0CEEEC971AABC84F00C212A4 /* DFCachedImage.h */,
				0CEEEC981AABC84F00C212A4 /* DFCachedImage.m */,
				0CEEEC991AABC84F00C212A4 /* DFImageCache.h */,
				0CEEEC9A1AABC84F00C212A4 /* DFImageCache.m */,
				0CEEEC9B1AABC84F00C212A4 /* NSCache+DFImageManager.h */,
				0CEEEC9C1AABC84F00C212A4 /* NSCache+DFImageManager.m */,
			);
			path = Caching;
			sourceTree = "<group>";
		};
		0CEEECCA1AABD6E500C212A4 /* Support */ = {
			isa = PBXGroup;
			children = (
				0CEEECDA1AABD71B00C212A4 /* DFImageManagerDefines.h */,
				0CEEECDB1AABD71B00C212A4 /* DFImageManagerDefines.m */,
				0CEEECE41AABD75F00C212A4 /* DFImageRequestID.h */,
				0CEEECE51AABD75F00C212A4 /* DFImageRequestID.m */,
				0CEEECCB1AABD70400C212A4 /* DFImageRequest.h */,
				0CEEECCC1AABD70400C212A4 /* DFImageRequest.m */,
				0CEEECCD1AABD70400C212A4 /* DFImageRequestOptions.h */,
				0CEEECCE1AABD70400C212A4 /* DFImageRequestOptions.m */,
				0CEEECCF1AABD70400C212A4 /* DFImageResponse.h */,
				0CEEECD01AABD70400C212A4 /* DFImageResponse.m */,
			);
			path = Support;
			sourceTree = "<group>";
		};
		0CEEECF51AABD9DB00C212A4 /* Utilities */ = {
			isa = PBXGroup;
			children = (
				0CEEECF61AABD9DB00C212A4 /* DFImageFetchTask.h */,
				0CEEECF71AABD9DB00C212A4 /* DFImageFetchTask.m */,
				0CEEECF81AABD9DB00C212A4 /* DFCompositeImageManager.h */,
				0CEEECF91AABD9DB00C212A4 /* DFCompositeImageManager.m */,
				0CEEECFC1AABD9DB00C212A4 /* DFProxyImageManager.h */,
				0CEEECFD1AABD9DB00C212A4 /* DFProxyImageManager.m */,
				0CEEECFA1AABD9DB00C212A4 /* DFNetworkReachability.h */,
				0CEEECFB1AABD9DB00C212A4 /* DFNetworkReachability.m */,
			);
			path = Utilities;
			sourceTree = "<group>";
		};
		0CEEED0B1AABE34D00C212A4 /* Managing */ = {
			isa = PBXGroup;
			children = (
				0CEEED0C1AABE36100C212A4 /* DFImageManager.h */,
				0CEEED0D1AABE36100C212A4 /* DFImageManager.m */,
				0CEEED0E1AABE36100C212A4 /* DFImageManager+DefaultManager.m */,
				0CF011841AAE1BAF0013AD13 /* DFImageManager+SharedManager.m */,
				0CEEED0F1AABE36100C212A4 /* DFImageManagerConfiguration.h */,
				0CEEED101AABE36100C212A4 /* DFImageManagerConfiguration.m */,
			);
			path = Managing;
			sourceTree = "<group>";
		};
		0CEEED191AABE4BC00C212A4 /* NSURLSession */ = {
			isa = PBXGroup;
			children = (
				0CEEED1A1AABE4BC00C212A4 /* DFImageManagerKit+NSURLSession.h */,
				0CEEED1B1AABE4BC00C212A4 /* DFURLHTTPImageDeserializer.h */,
				0CEEED1C1AABE4BC00C212A4 /* DFURLHTTPImageDeserializer.m */,
				0CEEED1D1AABE4BC00C212A4 /* DFURLImageDeserializer.h */,
				0CEEED1E1AABE4BC00C212A4 /* DFURLImageDeserializer.m */,
				0CEEED1F1AABE4BC00C212A4 /* DFURLImageFetcher.h */,
				0CEEED201AABE4BC00C212A4 /* DFURLImageFetcher.m */,
				0CEEED231AABE4BC00C212A4 /* DFURLResponseDeserializing.h */,
			);
			path = NSURLSession;
			sourceTree = "<group>";
		};
		696562A56BA5751D9A244F06 /* Frameworks */ = {
			isa = PBXGroup;
			children = (
				FE905C97593137A3540CA56B /* libPods.a */,
				35AEC21DD9AC0DE7AE2AB433 /* libPods-DFImageManagerTests.a */,
			);
			name = Frameworks;
			sourceTree = "<group>";
		};
		789713635CD477B90979E448 /* Pods */ = {
			isa = PBXGroup;
			children = (
				D39726C7936014ADA2B50F72 /* Pods.debug.xcconfig */,
				08231C32293CC0B246EA8D13 /* Pods.release.xcconfig */,
				81E7E25367D979E56F0B6377 /* Pods-DFImageManagerTests.debug.xcconfig */,
				9A1D309E5F55472432AE0B73 /* Pods-DFImageManagerTests.release.xcconfig */,
			);
			name = Pods;
			sourceTree = "<group>";
		};
/* End PBXGroup section */

/* Begin PBXHeadersBuildPhase section */
		0C3EF4D71A6C6E8D0046FD55 /* Headers */ = {
			isa = PBXHeadersBuildPhase;
			buildActionMask = 2147483647;
			files = (
				0C44A8251AAB2AD900900C6A /* DFAssetsLibraryImageFetcher.h in Headers */,
				0C44A73D1AAB235800900C6A /* DFPhotosKitImageFetchOperation.h in Headers */,
				0CEEECFE1AABD9DB00C212A4 /* DFImageFetchTask.h in Headers */,
				0CEEECDC1AABD71B00C212A4 /* DFImageManagerDefines.h in Headers */,
				0C44A8321AAB2E5400900C6A /* DFImageManagerKit+PhotosKit.h in Headers */,
				0C44A81F1AAB2AD900900C6A /* ALAssetsLibrary+DFImageManager.h in Headers */,
				0CEEED011AABD9DB00C212A4 /* DFCompositeImageManager.h in Headers */,
				0CEEECD41AABD70400C212A4 /* DFImageRequestOptions.h in Headers */,
				0CEEED331AABE4BC00C212A4 /* DFURLResponseDeserializing.h in Headers */,
				0CEEED2A1AABE4BC00C212A4 /* DFURLImageDeserializer.h in Headers */,
				0C44A8281AAB2AD900900C6A /* DFAssetsLibraryImageFetchOperation.h in Headers */,
				0CEEECA31AABC84F00C212A4 /* NSCache+DFImageManager.h in Headers */,
				0CEEEC8A1AABC5FC00C212A4 /* DFImageProcessor.h in Headers */,
				0CEEED041AABD9DB00C212A4 /* DFNetworkReachability.h in Headers */,
				0C44A8641AAB3CC000900C6A /* UIImageView+DFImageManager.h in Headers */,
				0C44A7FF1AAB273F00900C6A /* DFImageCaching.h in Headers */,
				0C44A8221AAB2AD900900C6A /* DFALAsset.h in Headers */,
				0CEEECA01AABC84F00C212A4 /* DFImageCache.h in Headers */,
				0CEEECE61AABD75F00C212A4 /* DFImageRequestID.h in Headers */,
				0C44A85F1AAB3C8000900C6A /* DFImageView.h in Headers */,
				0C44A8691AAB3CE800900C6A /* DFCollectionViewPreheatingController.h in Headers */,
				0CEEED261AABE4BC00C212A4 /* DFImageManagerKit+NSURLSession.h in Headers */,
				0C44A73A1AAB235800900C6A /* DFPhotosKitImageFetcher.h in Headers */,
				0C44A82E1AAB2AD900900C6A /* DFAssetsLibraryDefines.h in Headers */,
				0CEEECD11AABD70400C212A4 /* DFImageRequest.h in Headers */,
				0C44A8001AAB273F00900C6A /* DFImageFetching.h in Headers */,
				0CEEED2D1AABE4BC00C212A4 /* DFURLImageFetcher.h in Headers */,
				0C44A86D1AAB3CFE00900C6A /* DFImageManagerKit+UI.h in Headers */,
				0C3EF5891A6C754C0046FD55 /* DFImageManagerKit.h in Headers */,
				0CEEED161AABE36100C212A4 /* DFImageManagerConfiguration.h in Headers */,
				0CEEED071AABD9DB00C212A4 /* DFProxyImageManager.h in Headers */,
				0CEEED271AABE4BC00C212A4 /* DFURLHTTPImageDeserializer.h in Headers */,
				0CEEEC9D1AABC84F00C212A4 /* DFCachedImage.h in Headers */,
				0C44A8031AAB273F00900C6A /* DFImageProcessing.h in Headers */,
				0CEEED111AABE36100C212A4 /* DFImageManager.h in Headers */,
				0C6550B51AA82C0000B4805C /* DFAnimatedImage.h in Headers */,
				0C44A8301AAB2C7F00900C6A /* DFImageManagerKit+AssetsLibrary.h in Headers */,
				0CEEECD71AABD70400C212A4 /* DFImageResponse.h in Headers */,
				0C44A85C1AAB3C8000900C6A /* DFImageContainerView.h in Headers */,
				0C44A8021AAB273F00900C6A /* DFImageManaging.h in Headers */,
				0C44A7431AAB235800900C6A /* NSURL+DFPhotosKit.h in Headers */,
			);
			runOnlyForDeploymentPostprocessing = 0;
		};
/* End PBXHeadersBuildPhase section */

/* Begin PBXNativeTarget section */
		0C2BD4B71A03A28000412BE3 /* DFImageManager */ = {
			isa = PBXNativeTarget;
			buildConfigurationList = 0C2BD4C91A03A28000412BE3 /* Build configuration list for PBXNativeTarget "DFImageManager" */;
			buildPhases = (
				522011C99143CF73521D56A3 /* Check Pods Manifest.lock */,
				0C2BD4B41A03A28000412BE3 /* Sources */,
				0C2BD4B51A03A28000412BE3 /* Frameworks */,
				0C2BD4B61A03A28000412BE3 /* CopyFiles */,
				3642476C91DD6842F7D4D53F /* Copy Pods Resources */,
			);
			buildRules = (
			);
			dependencies = (
			);
			name = DFImageManager;
			productName = DFImageManager;
			productReference = 0C2BD4B81A03A28000412BE3 /* libDFImageManager.a */;
			productType = "com.apple.product-type.library.static";
		};
		0C2BD4C21A03A28000412BE3 /* DFImageManagerTests */ = {
			isa = PBXNativeTarget;
			buildConfigurationList = 0C2BD4CC1A03A28000412BE3 /* Build configuration list for PBXNativeTarget "DFImageManagerTests" */;
			buildPhases = (
				C73AE51EE51AB92544DA81D4 /* Check Pods Manifest.lock */,
				0C2BD4BF1A03A28000412BE3 /* Sources */,
				0C2BD4C01A03A28000412BE3 /* Frameworks */,
				0C2BD4C11A03A28000412BE3 /* Resources */,
				32CC873EE6018D0521E16ED4 /* Copy Pods Resources */,
			);
			buildRules = (
			);
			dependencies = (
				0C7476A51A4E6EB5004FE2EE /* PBXTargetDependency */,
			);
			name = DFImageManagerTests;
			productName = DFImageManagerTests;
			productReference = 0C2BD4C31A03A28000412BE3 /* DFImageManagerTests.xctest */;
			productType = "com.apple.product-type.bundle.unit-test";
		};
		0C3EF4D91A6C6E8D0046FD55 /* DFImageManagerKit */ = {
			isa = PBXNativeTarget;
			buildConfigurationList = 0C3EF4ED1A6C6E8D0046FD55 /* Build configuration list for PBXNativeTarget "DFImageManagerKit" */;
			buildPhases = (
				9BF919FE9ADFDB347302C3C0 /* Check Pods Manifest.lock */,
				0C3EF4D51A6C6E8D0046FD55 /* Sources */,
				0C3EF4D61A6C6E8D0046FD55 /* Frameworks */,
				0C3EF4D71A6C6E8D0046FD55 /* Headers */,
				0C3EF4D81A6C6E8D0046FD55 /* Resources */,
				910D5E0034FC22F80C03D7F2 /* Copy Pods Resources */,
			);
			buildRules = (
			);
			dependencies = (
			);
			name = DFImageManagerKit;
			productName = DFImageManagerFramework;
			productReference = 0C3EF4DA1A6C6E8D0046FD55 /* DFImageManagerKit.framework */;
			productType = "com.apple.product-type.framework";
		};
		0C3EF4E31A6C6E8D0046FD55 /* DFImageManagerKitTests */ = {
			isa = PBXNativeTarget;
			buildConfigurationList = 0C3EF4F01A6C6E8D0046FD55 /* Build configuration list for PBXNativeTarget "DFImageManagerKitTests" */;
			buildPhases = (
				0C3EF4E01A6C6E8D0046FD55 /* Sources */,
				0C3EF4E11A6C6E8D0046FD55 /* Frameworks */,
				0C3EF4E21A6C6E8D0046FD55 /* Resources */,
			);
			buildRules = (
			);
			dependencies = (
				0C3EF4E71A6C6E8D0046FD55 /* PBXTargetDependency */,
			);
			name = DFImageManagerKitTests;
			productName = DFImageManagerFrameworkTests;
			productReference = 0C3EF4E41A6C6E8D0046FD55 /* DFImageManagerKitTests.xctest */;
			productType = "com.apple.product-type.bundle.unit-test";
		};
/* End PBXNativeTarget section */

/* Begin PBXProject section */
		0C2BD4B01A03A28000412BE3 /* Project object */ = {
			isa = PBXProject;
			attributes = {
				LastUpgradeCheck = 0600;
				ORGANIZATIONNAME = "Alexander Grebenyuk";
				TargetAttributes = {
					0C2BD4B71A03A28000412BE3 = {
						CreatedOnToolsVersion = 6.0.1;
					};
					0C2BD4C21A03A28000412BE3 = {
						CreatedOnToolsVersion = 6.0.1;
					};
					0C3EF4D91A6C6E8D0046FD55 = {
						CreatedOnToolsVersion = 6.1.1;
					};
					0C3EF4E31A6C6E8D0046FD55 = {
						CreatedOnToolsVersion = 6.1.1;
					};
				};
			};
			buildConfigurationList = 0C2BD4B31A03A28000412BE3 /* Build configuration list for PBXProject "DFImageManager" */;
			compatibilityVersion = "Xcode 3.2";
			developmentRegion = English;
			hasScannedForEncodings = 0;
			knownRegions = (
				en,
			);
			mainGroup = 0C2BD4AF1A03A28000412BE3;
			productRefGroup = 0C2BD4B91A03A28000412BE3 /* Products */;
			projectDirPath = "";
			projectRoot = "";
			targets = (
				0C2BD4B71A03A28000412BE3 /* DFImageManager */,
				0C2BD4C21A03A28000412BE3 /* DFImageManagerTests */,
				0C3EF4D91A6C6E8D0046FD55 /* DFImageManagerKit */,
				0C3EF4E31A6C6E8D0046FD55 /* DFImageManagerKitTests */,
			);
		};
/* End PBXProject section */

/* Begin PBXResourcesBuildPhase section */
		0C2BD4C11A03A28000412BE3 /* Resources */ = {
			isa = PBXResourcesBuildPhase;
			buildActionMask = 2147483647;
			files = (
				0CD0126E1A6C6B16004F6CD3 /* Image.jpg in Resources */,
			);
			runOnlyForDeploymentPostprocessing = 0;
		};
		0C3EF4D81A6C6E8D0046FD55 /* Resources */ = {
			isa = PBXResourcesBuildPhase;
			buildActionMask = 2147483647;
			files = (
			);
			runOnlyForDeploymentPostprocessing = 0;
		};
		0C3EF4E21A6C6E8D0046FD55 /* Resources */ = {
			isa = PBXResourcesBuildPhase;
			buildActionMask = 2147483647;
			files = (
				0C2074331A6C821200776A43 /* Image.jpg in Resources */,
			);
			runOnlyForDeploymentPostprocessing = 0;
		};
/* End PBXResourcesBuildPhase section */

/* Begin PBXShellScriptBuildPhase section */
		32CC873EE6018D0521E16ED4 /* Copy Pods Resources */ = {
			isa = PBXShellScriptBuildPhase;
			buildActionMask = 2147483647;
			files = (
			);
			inputPaths = (
			);
			name = "Copy Pods Resources";
			outputPaths = (
			);
			runOnlyForDeploymentPostprocessing = 0;
			shellPath = /bin/sh;
			shellScript = "\"${SRCROOT}/../Pods/Target Support Files/Pods-DFImageManagerTests/Pods-DFImageManagerTests-resources.sh\"\n";
			showEnvVarsInLog = 0;
		};
		3642476C91DD6842F7D4D53F /* Copy Pods Resources */ = {
			isa = PBXShellScriptBuildPhase;
			buildActionMask = 2147483647;
			files = (
			);
			inputPaths = (
			);
			name = "Copy Pods Resources";
			outputPaths = (
			);
			runOnlyForDeploymentPostprocessing = 0;
			shellPath = /bin/sh;
			shellScript = "\"${SRCROOT}/../Pods/Target Support Files/Pods/Pods-resources.sh\"\n";
			showEnvVarsInLog = 0;
		};
		522011C99143CF73521D56A3 /* Check Pods Manifest.lock */ = {
			isa = PBXShellScriptBuildPhase;
			buildActionMask = 2147483647;
			files = (
			);
			inputPaths = (
			);
			name = "Check Pods Manifest.lock";
			outputPaths = (
			);
			runOnlyForDeploymentPostprocessing = 0;
			shellPath = /bin/sh;
			shellScript = "diff \"${PODS_ROOT}/../Podfile.lock\" \"${PODS_ROOT}/Manifest.lock\" > /dev/null\nif [[ $? != 0 ]] ; then\n    cat << EOM\nerror: The sandbox is not in sync with the Podfile.lock. Run 'pod install' or update your CocoaPods installation.\nEOM\n    exit 1\nfi\n";
			showEnvVarsInLog = 0;
		};
		910D5E0034FC22F80C03D7F2 /* Copy Pods Resources */ = {
			isa = PBXShellScriptBuildPhase;
			buildActionMask = 2147483647;
			files = (
			);
			inputPaths = (
			);
			name = "Copy Pods Resources";
			outputPaths = (
			);
			runOnlyForDeploymentPostprocessing = 0;
			shellPath = /bin/sh;
			shellScript = "\"${SRCROOT}/../Pods/Target Support Files/Pods/Pods-resources.sh\"\n";
			showEnvVarsInLog = 0;
		};
		9BF919FE9ADFDB347302C3C0 /* Check Pods Manifest.lock */ = {
			isa = PBXShellScriptBuildPhase;
			buildActionMask = 2147483647;
			files = (
			);
			inputPaths = (
			);
			name = "Check Pods Manifest.lock";
			outputPaths = (
			);
			runOnlyForDeploymentPostprocessing = 0;
			shellPath = /bin/sh;
			shellScript = "diff \"${PODS_ROOT}/../Podfile.lock\" \"${PODS_ROOT}/Manifest.lock\" > /dev/null\nif [[ $? != 0 ]] ; then\n    cat << EOM\nerror: The sandbox is not in sync with the Podfile.lock. Run 'pod install' or update your CocoaPods installation.\nEOM\n    exit 1\nfi\n";
			showEnvVarsInLog = 0;
		};
		C73AE51EE51AB92544DA81D4 /* Check Pods Manifest.lock */ = {
			isa = PBXShellScriptBuildPhase;
			buildActionMask = 2147483647;
			files = (
			);
			inputPaths = (
			);
			name = "Check Pods Manifest.lock";
			outputPaths = (
			);
			runOnlyForDeploymentPostprocessing = 0;
			shellPath = /bin/sh;
			shellScript = "diff \"${PODS_ROOT}/../Podfile.lock\" \"${PODS_ROOT}/Manifest.lock\" > /dev/null\nif [[ $? != 0 ]] ; then\n    cat << EOM\nerror: The sandbox is not in sync with the Podfile.lock. Run 'pod install' or update your CocoaPods installation.\nEOM\n    exit 1\nfi\n";
			showEnvVarsInLog = 0;
		};
/* End PBXShellScriptBuildPhase section */

/* Begin PBXSourcesBuildPhase section */
		0C2BD4B41A03A28000412BE3 /* Sources */ = {
			isa = PBXSourcesBuildPhase;
			buildActionMask = 2147483647;
			files = (
				0CE578481AA352B000E934FB /* TDFMockFetchOperation.m in Sources */,
				0C44A8601AAB3C8000900C6A /* DFImageView.m in Sources */,
				0CEEECD51AABD70400C212A4 /* DFImageRequestOptions.m in Sources */,
				0CEEEC9E1AABC84F00C212A4 /* DFCachedImage.m in Sources */,
				0CEEECDD1AABD71B00C212A4 /* DFImageManagerDefines.m in Sources */,
				0C9D408D1AAC5EEC00854FEC /* DFAFImageDeserializer.m in Sources */,
				0CEEED051AABD9DB00C212A4 /* DFNetworkReachability.m in Sources */,
				0CEEED2E1AABE4BC00C212A4 /* DFURLImageFetcher.m in Sources */,
				0C44A8261AAB2AD900900C6A /* DFAssetsLibraryImageFetcher.m in Sources */,
				0CEEED2B1AABE4BC00C212A4 /* DFURLImageDeserializer.m in Sources */,
				0C44A73E1AAB235800900C6A /* DFPhotosKitImageFetchOperation.m in Sources */,
				0C5BD74D1AA31943003C0BB6 /* TDFMockImageProcessor.m in Sources */,
				0CEEED021AABD9DB00C212A4 /* DFCompositeImageManager.m in Sources */,
				0CEEED141AABE36100C212A4 /* DFImageManager+DefaultManager.m in Sources */,
				0C9D40891AAC58FC00854FEC /* DFAFImageFetcher.m in Sources */,
				0C44A7441AAB235800900C6A /* NSURL+DFPhotosKit.m in Sources */,
				0CEEED281AABE4BC00C212A4 /* DFURLHTTPImageDeserializer.m in Sources */,
				0C44A85D1AAB3C8000900C6A /* DFImageContainerView.m in Sources */,
				0C44A8291AAB2AD900900C6A /* DFAssetsLibraryImageFetchOperation.m in Sources */,
				0C5BD7501AA32CA5003C0BB6 /* TDFMockImageCache.m in Sources */,
				0CF011861AAE1BAF0013AD13 /* DFImageManager+SharedManager.m in Sources */,
				0CEEECD81AABD70400C212A4 /* DFImageResponse.m in Sources */,
				0CEEEC8B1AABC5FC00C212A4 /* DFImageProcessor.m in Sources */,
				0C44A8651AAB3CC000900C6A /* UIImageView+DFImageManager.m in Sources */,
				0C44A73B1AAB235800900C6A /* DFPhotosKitImageFetcher.m in Sources */,
				0CEEECD21AABD70400C212A4 /* DFImageRequest.m in Sources */,
				0CEEECFF1AABD9DB00C212A4 /* DFImageFetchTask.m in Sources */,
				0C44A8231AAB2AD900900C6A /* DFALAsset.m in Sources */,
				0CEEECA41AABC84F00C212A4 /* NSCache+DFImageManager.m in Sources */,
				0CEEED171AABE36100C212A4 /* DFImageManagerConfiguration.m in Sources */,
				0C6550B31AA738EB00B4805C /* DFAnimatedImage.m in Sources */,
				0C44A8201AAB2AD900900C6A /* ALAssetsLibrary+DFImageManager.m in Sources */,
				0C44A86A1AAB3CE800900C6A /* DFCollectionViewPreheatingController.m in Sources */,
				0CEEED121AABE36100C212A4 /* DFImageManager.m in Sources */,
				0CEEECA11AABC84F00C212A4 /* DFImageCache.m in Sources */,
				0CEEECE71AABD75F00C212A4 /* DFImageRequestID.m in Sources */,
				0CEEED081AABD9DB00C212A4 /* DFProxyImageManager.m in Sources */,
			);
			runOnlyForDeploymentPostprocessing = 0;
		};
		0C2BD4BF1A03A28000412BE3 /* Sources */ = {
			isa = PBXSourcesBuildPhase;
			buildActionMask = 2147483647;
			files = (
				0CA8F1811A723E1400156090 /* TDFURLImageFetcher.m in Sources */,
				0C8075AD1ABAF3A400A9D88F /* TDFImageCache.m in Sources */,
				0CBFD3D01AA300CA00A6A482 /* TDFMockImageFetcher.m in Sources */,
				0CE578541AA4067D00E934FB /* TDFCompositeImageManager.m in Sources */,
				0CD012701A6C6B16004F6CD3 /* TDFImageManager.m in Sources */,
				0CBFD3D31AA3017600A6A482 /* TDFMockResource.m in Sources */,
				0CAA17F41AAA779800E82041 /* TDFImageRequestOptions.m in Sources */,
				0CAA17F11AA9DB1C00E82041 /* TDFImageRequest.m in Sources */,
				0CD0126F1A6C6B16004F6CD3 /* TDFTesting.m in Sources */,
			);
			runOnlyForDeploymentPostprocessing = 0;
		};
		0C3EF4D51A6C6E8D0046FD55 /* Sources */ = {
			isa = PBXSourcesBuildPhase;
			buildActionMask = 2147483647;
			files = (
				0C44A8611AAB3C8000900C6A /* DFImageView.m in Sources */,
				0C44A73F1AAB235800900C6A /* DFPhotosKitImageFetchOperation.m in Sources */,
				0CEEED031AABD9DB00C212A4 /* DFCompositeImageManager.m in Sources */,
				0CEEED061AABD9DB00C212A4 /* DFNetworkReachability.m in Sources */,
				0CEEECD91AABD70400C212A4 /* DFImageResponse.m in Sources */,
				0C44A85E1AAB3C8000900C6A /* DFImageContainerView.m in Sources */,
				0CEEED2F1AABE4BC00C212A4 /* DFURLImageFetcher.m in Sources */,
				0C44A8241AAB2AD900900C6A /* DFALAsset.m in Sources */,
				0CEEED291AABE4BC00C212A4 /* DFURLHTTPImageDeserializer.m in Sources */,
				0CEEED2C1AABE4BC00C212A4 /* DFURLImageDeserializer.m in Sources */,
				0CEEEC8C1AABC5FC00C212A4 /* DFImageProcessor.m in Sources */,
				0CEEED091AABD9DB00C212A4 /* DFProxyImageManager.m in Sources */,
				0CEEECE81AABD75F00C212A4 /* DFImageRequestID.m in Sources */,
				0C44A73C1AAB235800900C6A /* DFPhotosKitImageFetcher.m in Sources */,
				0C6550B61AA82C0000B4805C /* DFAnimatedImage.m in Sources */,
				0CEEED151AABE36100C212A4 /* DFImageManager+DefaultManager.m in Sources */,
				0CEEED131AABE36100C212A4 /* DFImageManager.m in Sources */,
				0C44A8211AAB2AD900900C6A /* ALAssetsLibrary+DFImageManager.m in Sources */,
				0C44A82A1AAB2AD900900C6A /* DFAssetsLibraryImageFetchOperation.m in Sources */,
				0CEEED0A1AABE32E00C212A4 /* DFImageFetchTask.m in Sources */,
				0C44A8271AAB2AD900900C6A /* DFAssetsLibraryImageFetcher.m in Sources */,
				0CF011871AAE1BAF0013AD13 /* DFImageManager+SharedManager.m in Sources */,
				0CEEECA21AABC84F00C212A4 /* DFImageCache.m in Sources */,
				0C44A86B1AAB3CE800900C6A /* DFCollectionViewPreheatingController.m in Sources */,
				0CEEECD61AABD70400C212A4 /* DFImageRequestOptions.m in Sources */,
				0C44A7451AAB235800900C6A /* NSURL+DFPhotosKit.m in Sources */,
				0C44A8661AAB3CC000900C6A /* UIImageView+DFImageManager.m in Sources */,
				0CEEECD31AABD70400C212A4 /* DFImageRequest.m in Sources */,
				0CEEED181AABE36100C212A4 /* DFImageManagerConfiguration.m in Sources */,
				0CEEECA51AABC84F00C212A4 /* NSCache+DFImageManager.m in Sources */,
				0CEEECDE1AABD71B00C212A4 /* DFImageManagerDefines.m in Sources */,
				0CEEEC9F1AABC84F00C212A4 /* DFCachedImage.m in Sources */,
			);
			runOnlyForDeploymentPostprocessing = 0;
		};
		0C3EF4E01A6C6E8D0046FD55 /* Sources */ = {
			isa = PBXSourcesBuildPhase;
			buildActionMask = 2147483647;
			files = (
				0CA8F1821A723E1400156090 /* TDFURLImageFetcher.m in Sources */,
				0C2074341A6C821500776A43 /* TDFImageManager.m in Sources */,
				0C2074351A6C821900776A43 /* TDFTesting.m in Sources */,
			);
			runOnlyForDeploymentPostprocessing = 0;
		};
/* End PBXSourcesBuildPhase section */

/* Begin PBXTargetDependency section */
		0C3EF4E71A6C6E8D0046FD55 /* PBXTargetDependency */ = {
			isa = PBXTargetDependency;
			target = 0C3EF4D91A6C6E8D0046FD55 /* DFImageManagerKit */;
			targetProxy = 0C3EF4E61A6C6E8D0046FD55 /* PBXContainerItemProxy */;
		};
		0C7476A51A4E6EB5004FE2EE /* PBXTargetDependency */ = {
			isa = PBXTargetDependency;
			target = 0C2BD4B71A03A28000412BE3 /* DFImageManager */;
			targetProxy = 0C7476A41A4E6EB5004FE2EE /* PBXContainerItemProxy */;
		};
/* End PBXTargetDependency section */

/* Begin XCBuildConfiguration section */
		0C2BD4C71A03A28000412BE3 /* Debug */ = {
			isa = XCBuildConfiguration;
			buildSettings = {
				ALWAYS_SEARCH_USER_PATHS = NO;
				CLANG_CXX_LANGUAGE_STANDARD = "gnu++0x";
				CLANG_CXX_LIBRARY = "libc++";
				CLANG_ENABLE_MODULES = YES;
				CLANG_ENABLE_OBJC_ARC = YES;
				CLANG_WARN_BOOL_CONVERSION = YES;
				CLANG_WARN_CONSTANT_CONVERSION = YES;
				CLANG_WARN_DIRECT_OBJC_ISA_USAGE = YES_ERROR;
				CLANG_WARN_EMPTY_BODY = YES;
				CLANG_WARN_ENUM_CONVERSION = YES;
				CLANG_WARN_INT_CONVERSION = YES;
				CLANG_WARN_OBJC_ROOT_CLASS = YES_ERROR;
				CLANG_WARN_UNREACHABLE_CODE = YES;
				CLANG_WARN__DUPLICATE_METHOD_MATCH = YES;
				COPY_PHASE_STRIP = NO;
				ENABLE_STRICT_OBJC_MSGSEND = YES;
				GCC_C_LANGUAGE_STANDARD = gnu99;
				GCC_DYNAMIC_NO_PIC = NO;
				GCC_OPTIMIZATION_LEVEL = 0;
				GCC_PREPROCESSOR_DEFINITIONS = (
					"DEBUG=1",
					"$(inherited)",
				);
				GCC_SYMBOLS_PRIVATE_EXTERN = NO;
				GCC_WARN_64_TO_32_BIT_CONVERSION = YES;
				GCC_WARN_ABOUT_RETURN_TYPE = YES_ERROR;
				GCC_WARN_UNDECLARED_SELECTOR = YES;
				GCC_WARN_UNINITIALIZED_AUTOS = YES_AGGRESSIVE;
				GCC_WARN_UNUSED_FUNCTION = YES;
				GCC_WARN_UNUSED_VARIABLE = YES;
				IPHONEOS_DEPLOYMENT_TARGET = 7.0;
				MTL_ENABLE_DEBUG_INFO = YES;
				ONLY_ACTIVE_ARCH = YES;
				SDKROOT = iphoneos;
			};
			name = Debug;
		};
		0C2BD4C81A03A28000412BE3 /* Release */ = {
			isa = XCBuildConfiguration;
			buildSettings = {
				ALWAYS_SEARCH_USER_PATHS = NO;
				CLANG_CXX_LANGUAGE_STANDARD = "gnu++0x";
				CLANG_CXX_LIBRARY = "libc++";
				CLANG_ENABLE_MODULES = YES;
				CLANG_ENABLE_OBJC_ARC = YES;
				CLANG_WARN_BOOL_CONVERSION = YES;
				CLANG_WARN_CONSTANT_CONVERSION = YES;
				CLANG_WARN_DIRECT_OBJC_ISA_USAGE = YES_ERROR;
				CLANG_WARN_EMPTY_BODY = YES;
				CLANG_WARN_ENUM_CONVERSION = YES;
				CLANG_WARN_INT_CONVERSION = YES;
				CLANG_WARN_OBJC_ROOT_CLASS = YES_ERROR;
				CLANG_WARN_UNREACHABLE_CODE = YES;
				CLANG_WARN__DUPLICATE_METHOD_MATCH = YES;
				COPY_PHASE_STRIP = YES;
				ENABLE_NS_ASSERTIONS = NO;
				ENABLE_STRICT_OBJC_MSGSEND = YES;
				GCC_C_LANGUAGE_STANDARD = gnu99;
				GCC_WARN_64_TO_32_BIT_CONVERSION = YES;
				GCC_WARN_ABOUT_RETURN_TYPE = YES_ERROR;
				GCC_WARN_UNDECLARED_SELECTOR = YES;
				GCC_WARN_UNINITIALIZED_AUTOS = YES_AGGRESSIVE;
				GCC_WARN_UNUSED_FUNCTION = YES;
				GCC_WARN_UNUSED_VARIABLE = YES;
				IPHONEOS_DEPLOYMENT_TARGET = 7.0;
				MTL_ENABLE_DEBUG_INFO = NO;
				SDKROOT = iphoneos;
				VALIDATE_PRODUCT = YES;
			};
			name = Release;
		};
		0C2BD4CA1A03A28000412BE3 /* Debug */ = {
			isa = XCBuildConfiguration;
			baseConfigurationReference = D39726C7936014ADA2B50F72 /* Pods.debug.xcconfig */;
			buildSettings = {
				CLANG_WARN_DEPRECATED_OBJC_IMPLEMENTATIONS = YES;
				CLANG_WARN_IMPLICIT_SIGN_CONVERSION = YES;
				CLANG_WARN_OBJC_IMPLICIT_ATOMIC_PROPERTIES = YES;
				CLANG_WARN_SUSPICIOUS_IMPLICIT_CONVERSION = YES;
				GCC_WARN_ABOUT_MISSING_FIELD_INITIALIZERS = YES;
				GCC_WARN_ABOUT_MISSING_NEWLINE = YES;
				GCC_WARN_ABOUT_MISSING_PROTOTYPES = YES;
				GCC_WARN_FOUR_CHARACTER_CONSTANTS = YES;
				GCC_WARN_INITIALIZER_NOT_FULLY_BRACKETED = YES;
				GCC_WARN_MULTIPLE_DEFINITION_TYPES_FOR_SELECTOR = YES;
				GCC_WARN_SHADOW = YES;
				GCC_WARN_STRICT_SELECTOR_MATCH = YES;
				PRODUCT_NAME = "$(TARGET_NAME)";
				SKIP_INSTALL = YES;
			};
			name = Debug;
		};
		0C2BD4CB1A03A28000412BE3 /* Release */ = {
			isa = XCBuildConfiguration;
			baseConfigurationReference = 08231C32293CC0B246EA8D13 /* Pods.release.xcconfig */;
			buildSettings = {
				CLANG_WARN_DEPRECATED_OBJC_IMPLEMENTATIONS = YES;
				CLANG_WARN_IMPLICIT_SIGN_CONVERSION = YES;
				CLANG_WARN_OBJC_IMPLICIT_ATOMIC_PROPERTIES = YES;
				CLANG_WARN_SUSPICIOUS_IMPLICIT_CONVERSION = YES;
				GCC_WARN_ABOUT_MISSING_FIELD_INITIALIZERS = YES;
				GCC_WARN_ABOUT_MISSING_NEWLINE = YES;
				GCC_WARN_ABOUT_MISSING_PROTOTYPES = YES;
				GCC_WARN_FOUR_CHARACTER_CONSTANTS = YES;
				GCC_WARN_INITIALIZER_NOT_FULLY_BRACKETED = YES;
				GCC_WARN_MULTIPLE_DEFINITION_TYPES_FOR_SELECTOR = YES;
				GCC_WARN_SHADOW = YES;
				GCC_WARN_STRICT_SELECTOR_MATCH = YES;
				PRODUCT_NAME = "$(TARGET_NAME)";
				SKIP_INSTALL = YES;
			};
			name = Release;
		};
		0C2BD4CD1A03A28000412BE3 /* Debug */ = {
			isa = XCBuildConfiguration;
			baseConfigurationReference = 81E7E25367D979E56F0B6377 /* Pods-DFImageManagerTests.debug.xcconfig */;
			buildSettings = {
				FRAMEWORK_SEARCH_PATHS = (
					"$(SDKROOT)/Developer/Library/Frameworks",
					"$(inherited)",
				);
				GCC_PREPROCESSOR_DEFINITIONS = (
					"DEBUG=1",
					"$(inherited)",
				);
				INFOPLIST_FILE = "Supporting Files/DFImageManagerTests-Info.plist";
				LD_RUNPATH_SEARCH_PATHS = "$(inherited) @executable_path/Frameworks @loader_path/Frameworks";
				PRODUCT_NAME = "$(TARGET_NAME)";
			};
			name = Debug;
		};
		0C2BD4CE1A03A28000412BE3 /* Release */ = {
			isa = XCBuildConfiguration;
			baseConfigurationReference = 9A1D309E5F55472432AE0B73 /* Pods-DFImageManagerTests.release.xcconfig */;
			buildSettings = {
				FRAMEWORK_SEARCH_PATHS = (
					"$(SDKROOT)/Developer/Library/Frameworks",
					"$(inherited)",
				);
				INFOPLIST_FILE = "Supporting Files/DFImageManagerTests-Info.plist";
				LD_RUNPATH_SEARCH_PATHS = "$(inherited) @executable_path/Frameworks @loader_path/Frameworks";
				PRODUCT_NAME = "$(TARGET_NAME)";
			};
			name = Release;
		};
		0C3EF4EE1A6C6E8D0046FD55 /* Debug */ = {
			isa = XCBuildConfiguration;
			baseConfigurationReference = D39726C7936014ADA2B50F72 /* Pods.debug.xcconfig */;
			buildSettings = {
				CLANG_ALLOW_NON_MODULAR_INCLUDES_IN_FRAMEWORK_MODULES = YES;
				CODE_SIGN_IDENTITY = "iPhone Developer";
				CURRENT_PROJECT_VERSION = 1;
				DEFINES_MODULE = YES;
				DYLIB_COMPATIBILITY_VERSION = 1;
				DYLIB_CURRENT_VERSION = 1;
				DYLIB_INSTALL_NAME_BASE = "@rpath";
				GCC_PREPROCESSOR_DEFINITIONS = (
					"DF_IMAGE_MANAGER_FRAMEWORK_TARGET=1",
					"DEBUG=1",
					"$(inherited)",
				);
				INFOPLIST_FILE = "Supporting Files/DFImageManagerKit-Info.plist";
				INSTALL_PATH = "$(LOCAL_LIBRARY_DIR)/Frameworks";
				IPHONEOS_DEPLOYMENT_TARGET = 8.0;
				LD_RUNPATH_SEARCH_PATHS = "$(inherited) @executable_path/Frameworks @loader_path/Frameworks";
				PRODUCT_NAME = "${TARGET_NAME}";
				SKIP_INSTALL = YES;
				TARGETED_DEVICE_FAMILY = "1,2";
				VERSIONING_SYSTEM = "apple-generic";
				VERSION_INFO_PREFIX = "";
			};
			name = Debug;
		};
		0C3EF4EF1A6C6E8D0046FD55 /* Release */ = {
			isa = XCBuildConfiguration;
			baseConfigurationReference = 08231C32293CC0B246EA8D13 /* Pods.release.xcconfig */;
			buildSettings = {
				CLANG_ALLOW_NON_MODULAR_INCLUDES_IN_FRAMEWORK_MODULES = YES;
				CODE_SIGN_IDENTITY = "iPhone Developer";
				CURRENT_PROJECT_VERSION = 1;
				DEFINES_MODULE = YES;
				DYLIB_COMPATIBILITY_VERSION = 1;
				DYLIB_CURRENT_VERSION = 1;
				DYLIB_INSTALL_NAME_BASE = "@rpath";
				GCC_PREPROCESSOR_DEFINITIONS = (
					"$(inherited)",
					"COCOAPODS=1",
					"DF_IMAGE_MANAGER_FRAMEWORK_TARGET=1",
				);
				INFOPLIST_FILE = "Supporting Files/DFImageManagerKit-Info.plist";
				INSTALL_PATH = "$(LOCAL_LIBRARY_DIR)/Frameworks";
				IPHONEOS_DEPLOYMENT_TARGET = 8.0;
				LD_RUNPATH_SEARCH_PATHS = "$(inherited) @executable_path/Frameworks @loader_path/Frameworks";
				PRODUCT_NAME = "${TARGET_NAME}";
				SKIP_INSTALL = YES;
				TARGETED_DEVICE_FAMILY = "1,2";
				VERSIONING_SYSTEM = "apple-generic";
				VERSION_INFO_PREFIX = "";
			};
			name = Release;
		};
		0C3EF4F11A6C6E8D0046FD55 /* Debug */ = {
			isa = XCBuildConfiguration;
			buildSettings = {
				CODE_SIGN_IDENTITY = "iPhone Developer";
				FRAMEWORK_SEARCH_PATHS = (
					"$(SDKROOT)/Developer/Library/Frameworks",
					"$(inherited)",
				);
				GCC_PREPROCESSOR_DEFINITIONS = (
					"DEBUG=1",
					"$(inherited)",
				);
				INFOPLIST_FILE = "Supporting Files/DFImageManagerKitTests-Info.plist";
				IPHONEOS_DEPLOYMENT_TARGET = 8.1;
				LD_RUNPATH_SEARCH_PATHS = "$(inherited) @executable_path/Frameworks @loader_path/Frameworks";
				PRODUCT_NAME = "$(TARGET_NAME)";
			};
			name = Debug;
		};
		0C3EF4F21A6C6E8D0046FD55 /* Release */ = {
			isa = XCBuildConfiguration;
			buildSettings = {
				CODE_SIGN_IDENTITY = "iPhone Developer";
				FRAMEWORK_SEARCH_PATHS = (
					"$(SDKROOT)/Developer/Library/Frameworks",
					"$(inherited)",
				);
				INFOPLIST_FILE = "Supporting Files/DFImageManagerKitTests-Info.plist";
				IPHONEOS_DEPLOYMENT_TARGET = 8.1;
				LD_RUNPATH_SEARCH_PATHS = "$(inherited) @executable_path/Frameworks @loader_path/Frameworks";
				PRODUCT_NAME = "$(TARGET_NAME)";
			};
			name = Release;
		};
/* End XCBuildConfiguration section */

/* Begin XCConfigurationList section */
		0C2BD4B31A03A28000412BE3 /* Build configuration list for PBXProject "DFImageManager" */ = {
			isa = XCConfigurationList;
			buildConfigurations = (
				0C2BD4C71A03A28000412BE3 /* Debug */,
				0C2BD4C81A03A28000412BE3 /* Release */,
			);
			defaultConfigurationIsVisible = 0;
			defaultConfigurationName = Release;
		};
		0C2BD4C91A03A28000412BE3 /* Build configuration list for PBXNativeTarget "DFImageManager" */ = {
			isa = XCConfigurationList;
			buildConfigurations = (
				0C2BD4CA1A03A28000412BE3 /* Debug */,
				0C2BD4CB1A03A28000412BE3 /* Release */,
			);
			defaultConfigurationIsVisible = 0;
			defaultConfigurationName = Release;
		};
		0C2BD4CC1A03A28000412BE3 /* Build configuration list for PBXNativeTarget "DFImageManagerTests" */ = {
			isa = XCConfigurationList;
			buildConfigurations = (
				0C2BD4CD1A03A28000412BE3 /* Debug */,
				0C2BD4CE1A03A28000412BE3 /* Release */,
			);
			defaultConfigurationIsVisible = 0;
			defaultConfigurationName = Release;
		};
		0C3EF4ED1A6C6E8D0046FD55 /* Build configuration list for PBXNativeTarget "DFImageManagerKit" */ = {
			isa = XCConfigurationList;
			buildConfigurations = (
				0C3EF4EE1A6C6E8D0046FD55 /* Debug */,
				0C3EF4EF1A6C6E8D0046FD55 /* Release */,
			);
			defaultConfigurationIsVisible = 0;
			defaultConfigurationName = Release;
		};
		0C3EF4F01A6C6E8D0046FD55 /* Build configuration list for PBXNativeTarget "DFImageManagerKitTests" */ = {
			isa = XCConfigurationList;
			buildConfigurations = (
				0C3EF4F11A6C6E8D0046FD55 /* Debug */,
				0C3EF4F21A6C6E8D0046FD55 /* Release */,
			);
			defaultConfigurationIsVisible = 0;
			defaultConfigurationName = Release;
		};
/* End XCConfigurationList section */
	};
	rootObject = 0C2BD4B01A03A28000412BE3 /* Project object */;
}
